PODS:
  - GHUnit (0.5.9)
  - libsodium (0.6.0)

DEPENDENCIES:
  - GHUnit
  - libsodium (from `../libsodium/libsodium.podspec`)

EXTERNAL SOURCES:
  libsodium:
    :path: ../libsodium/libsodium.podspec

SPEC CHECKSUMS:
  GHUnit: 4ea5a83295587ab226c458fc30dfdb1616fba633
  libsodium: 1245abc9499918de087855da55e9c91c51ee2584

COCOAPODS: 0.33.1
