// !$*UTF8*$!
{
	archiveVersion = 1;
	classes = {
	};
	objectVersion = 46;
	objects = {

/* Begin PBXBuildFile section */
		00390FA31B1E4827001ED3EA /* NAChloride.framework in Frameworks */ = {isa = PBXBuildFile; fileRef = 00CCC6E91B1E4434007090AD /* NAChloride.framework */; };
		00390FBB1B1E4897001ED3EA /* NAScryptTest.m in Sources */ = {isa = PBXBuildFile; fileRef = 00390FAF1B1E4897001ED3EA /* NAScryptTest.m */; };
		00390FBC1B1E4897001ED3EA /* NASecretBoxTest.m in Sources */ = {isa = PBXBuildFile; fileRef = 00390FB01B1E4897001ED3EA /* NASecretBoxTest.m */; };
		00390FC01B1E4897001ED3EA /* NAStreamTest.m in Sources */ = {isa = PBXBuildFile; fileRef = 00390FB41B1E4897001ED3EA /* NAStreamTest.m */; };
		0047C1021B30DFDC0055D184 /* NAOneTimeAuthTest.m in Sources */ = {isa = PBXBuildFile; fileRef = 0047C1011B30DFDC0055D184 /* NAOneTimeAuthTest.m */; };
		0047C1051B30E4C40055D184 /* NAAuth.h in Headers */ = {isa = PBXBuildFile; fileRef = 0047C1031B30E4C40055D184 /* NAAuth.h */; settings = {ATTRIBUTES = (Public, ); }; };
		0047C1061B30E4C40055D184 /* NAAuth.m in Sources */ = {isa = PBXBuildFile; fileRef = 0047C1041B30E4C40055D184 /* NAAuth.m */; };
		0047C1081B30E55C0055D184 /* NAAuthTest.m in Sources */ = {isa = PBXBuildFile; fileRef = 0047C1071B30E55C0055D184 /* NAAuthTest.m */; };
		0047C1DE1B30F39F0055D184 /* NATestUtils.m in Sources */ = {isa = PBXBuildFile; fileRef = 0047C1DD1B30F39F0055D184 /* NATestUtils.m */; };
		0047C1E11B30F4F70055D184 /* NARandom.h in Headers */ = {isa = PBXBuildFile; fileRef = 0047C1DF1B30F4F70055D184 /* NARandom.h */; settings = {ATTRIBUTES = (Public, ); }; };
		0047C1E21B30F4F70055D184 /* NARandom.h in Headers */ = {isa = PBXBuildFile; fileRef = 0047C1DF1B30F4F70055D184 /* NARandom.h */; settings = {ATTRIBUTES = (Public, ); }; };
		0047C1E31B30F4F70055D184 /* NARandom.m in Sources */ = {isa = PBXBuildFile; fileRef = 0047C1E01B30F4F70055D184 /* NARandom.m */; };
		0047C1EB1B30F63A0055D184 /* NAInterface.m in Sources */ = {isa = PBXBuildFile; fileRef = 003BB2F71888AAF80019D88F /* NAInterface.m */; };
		0047C1EC1B30F63A0055D184 /* NASecretBox.m in Sources */ = {isa = PBXBuildFile; fileRef = 003BB2E61888A1D50019D88F /* NASecretBox.m */; };
		0047C1ED1B30F63A0055D184 /* NAAuth.m in Sources */ = {isa = PBXBuildFile; fileRef = 0047C1041B30E4C40055D184 /* NAAuth.m */; };
		0047C1EE1B30F63A0055D184 /* NAOneTimeAuth.m in Sources */ = {isa = PBXBuildFile; fileRef = 0055133B19D3430F0021ABB0 /* NAOneTimeAuth.m */; };
		0047C1EF1B30F63A0055D184 /* NAScrypt.m in Sources */ = {isa = PBXBuildFile; fileRef = 002CD7961953685D00767675 /* NAScrypt.m */; };
		0047C1F11B30F63A0055D184 /* NARandom.m in Sources */ = {isa = PBXBuildFile; fileRef = 0047C1E01B30F4F70055D184 /* NARandom.m */; };
		0047C1F21B30F6420055D184 /* NAChloride.h in Headers */ = {isa = PBXBuildFile; fileRef = 003BB2C41888A16E0019D88F /* NAChloride.h */; settings = {ATTRIBUTES = (Public, ); }; };
		0047C1F31B30F6420055D184 /* NAInterface.h in Headers */ = {isa = PBXBuildFile; fileRef = 007A1B93195B77DB00110C88 /* NAInterface.h */; settings = {ATTRIBUTES = (Public, ); }; };
		0047C1F41B30F6420055D184 /* NASecretBox.h in Headers */ = {isa = PBXBuildFile; fileRef = 003BB2E51888A1D50019D88F /* NASecretBox.h */; settings = {ATTRIBUTES = (Public, ); }; };
		0047C1F51B30F6420055D184 /* NAAuth.h in Headers */ = {isa = PBXBuildFile; fileRef = 0047C1031B30E4C40055D184 /* NAAuth.h */; settings = {ATTRIBUTES = (Public, ); }; };
		0047C1F61B30F6420055D184 /* NAOneTimeAuth.h in Headers */ = {isa = PBXBuildFile; fileRef = 0055133A19D3430F0021ABB0 /* NAOneTimeAuth.h */; settings = {ATTRIBUTES = (Public, ); }; };
		0047C1F71B30F6420055D184 /* NAScrypt.h in Headers */ = {isa = PBXBuildFile; fileRef = 002CD7951953685D00767675 /* NAScrypt.h */; settings = {ATTRIBUTES = (Public, ); }; };
		004EF2BE1B328FDD007822CE /* NARandomTest.m in Sources */ = {isa = PBXBuildFile; fileRef = 004EF2BD1B328FDD007822CE /* NARandomTest.m */; };
		004EF2C11B333457007822CE /* NAAEAD.h in Headers */ = {isa = PBXBuildFile; fileRef = 004EF2BF1B333457007822CE /* NAAEAD.h */; settings = {ATTRIBUTES = (Public, ); }; };
		004EF2C21B333457007822CE /* NAAEAD.h in Headers */ = {isa = PBXBuildFile; fileRef = 004EF2BF1B333457007822CE /* NAAEAD.h */; settings = {ATTRIBUTES = (Public, ); }; };
		004EF2C31B333457007822CE /* NAAEAD.m in Sources */ = {isa = PBXBuildFile; fileRef = 004EF2C01B333457007822CE /* NAAEAD.m */; };
		004EF2C41B333457007822CE /* NAAEAD.m in Sources */ = {isa = PBXBuildFile; fileRef = 004EF2C01B333457007822CE /* NAAEAD.m */; };
		004EF2C61B333511007822CE /* NAAEADTest.m in Sources */ = {isa = PBXBuildFile; fileRef = 004EF2C51B333511007822CE /* NAAEADTest.m */; };
		004EF2D31B336FD8007822CE /* NAStream.h in Headers */ = {isa = PBXBuildFile; fileRef = 004EF2D11B336FD8007822CE /* NAStream.h */; settings = {ATTRIBUTES = (Public, ); }; };
		004EF2D41B336FD8007822CE /* NAStream.h in Headers */ = {isa = PBXBuildFile; fileRef = 004EF2D11B336FD8007822CE /* NAStream.h */; settings = {ATTRIBUTES = (Public, ); }; };
		004EF2D51B336FD8007822CE /* NAStream.m in Sources */ = {isa = PBXBuildFile; fileRef = 004EF2D21B336FD8007822CE /* NAStream.m */; };
		004EF2D61B336FD8007822CE /* NAStream.m in Sources */ = {isa = PBXBuildFile; fileRef = 004EF2D21B336FD8007822CE /* NAStream.m */; };
		004EF2D91B337314007822CE /* NABox.h in Headers */ = {isa = PBXBuildFile; fileRef = 004EF2D71B337314007822CE /* NABox.h */; settings = {ATTRIBUTES = (Public, ); }; };
		004EF2DA1B337314007822CE /* NABox.h in Headers */ = {isa = PBXBuildFile; fileRef = 004EF2D71B337314007822CE /* NABox.h */; settings = {ATTRIBUTES = (Public, ); }; };
		004EF2DB1B337314007822CE /* NABox.m in Sources */ = {isa = PBXBuildFile; fileRef = 004EF2D81B337314007822CE /* NABox.m */; };
		004EF2DC1B337314007822CE /* NABox.m in Sources */ = {isa = PBXBuildFile; fileRef = 004EF2D81B337314007822CE /* NABox.m */; };
		004EF2DE1B3374AE007822CE /* NABoxTest.m in Sources */ = {isa = PBXBuildFile; fileRef = 004EF2DD1B3374AE007822CE /* NABoxTest.m */; };
		004EF2E11B337558007822CE /* NABoxKeypair.h in Headers */ = {isa = PBXBuildFile; fileRef = 004EF2DF1B337558007822CE /* NABoxKeypair.h */; settings = {ATTRIBUTES = (Public, ); }; };
		004EF2E21B337558007822CE /* NABoxKeypair.h in Headers */ = {isa = PBXBuildFile; fileRef = 004EF2DF1B337558007822CE /* NABoxKeypair.h */; settings = {ATTRIBUTES = (Public, ); }; };
		004EF2E31B337558007822CE /* NABoxKeypair.m in Sources */ = {isa = PBXBuildFile; fileRef = 004EF2E01B337558007822CE /* NABoxKeypair.m */; };
		004EF2E41B337558007822CE /* NABoxKeypair.m in Sources */ = {isa = PBXBuildFile; fileRef = 004EF2E01B337558007822CE /* NABoxKeypair.m */; };
		00CCC70D1B1E446C007090AD /* NAChloride.h in Headers */ = {isa = PBXBuildFile; fileRef = 003BB2C41888A16E0019D88F /* NAChloride.h */; settings = {ATTRIBUTES = (Public, ); }; };
		00CCC70E1B1E446C007090AD /* NAInterface.h in Headers */ = {isa = PBXBuildFile; fileRef = 007A1B93195B77DB00110C88 /* NAInterface.h */; settings = {ATTRIBUTES = (Public, ); }; };
		00CCC70F1B1E446C007090AD /* NAInterface.m in Sources */ = {isa = PBXBuildFile; fileRef = 003BB2F71888AAF80019D88F /* NAInterface.m */; };
		00CCC7101B1E446C007090AD /* NASecretBox.h in Headers */ = {isa = PBXBuildFile; fileRef = 003BB2E51888A1D50019D88F /* NASecretBox.h */; settings = {ATTRIBUTES = (Public, ); }; };
		00CCC7111B1E446C007090AD /* NASecretBox.m in Sources */ = {isa = PBXBuildFile; fileRef = 003BB2E61888A1D50019D88F /* NASecretBox.m */; };
		00CCC7121B1E446C007090AD /* NAOneTimeAuth.h in Headers */ = {isa = PBXBuildFile; fileRef = 0055133A19D3430F0021ABB0 /* NAOneTimeAuth.h */; settings = {ATTRIBUTES = (Public, ); }; };
		00CCC7131B1E446C007090AD /* NAOneTimeAuth.m in Sources */ = {isa = PBXBuildFile; fileRef = 0055133B19D3430F0021ABB0 /* NAOneTimeAuth.m */; };
		00CCC7201B1E446C007090AD /* NAScrypt.h in Headers */ = {isa = PBXBuildFile; fileRef = 002CD7951953685D00767675 /* NAScrypt.h */; settings = {ATTRIBUTES = (Public, ); }; };
		00CCC7211B1E446C007090AD /* NAScrypt.m in Sources */ = {isa = PBXBuildFile; fileRef = 002CD7961953685D00767675 /* NAScrypt.m */; };
		7B55E12A857DA547A163B2B1 /* libPods-NAChloride.a in Frameworks */ = {isa = PBXBuildFile; fileRef = 32AB1AC2D49DFDDBE801988A /* libPods-NAChloride.a */; };
/* End PBXBuildFile section */

/* Begin PBXContainerItemProxy section */
		00390FA41B1E4827001ED3EA /* PBXContainerItemProxy */ = {
			isa = PBXContainerItemProxy;
			containerPortal = 003BB2B41888A16E0019D88F /* Project object */;
			proxyType = 1;
			remoteGlobalIDString = 00CCC6E81B1E4434007090AD;
			remoteInfo = NAChloride;
		};
/* End PBXContainerItemProxy section */

/* Begin PBXFileReference section */
		002CD7951953685D00767675 /* NAScrypt.h */ = {isa = PBXFileReference; fileEncoding = 4; lastKnownFileType = sourcecode.c.h; path = NAScrypt.h; sourceTree = "<group>"; };
		002CD7961953685D00767675 /* NAScrypt.m */ = {isa = PBXFileReference; fileEncoding = 4; lastKnownFileType = sourcecode.c.objc; path = NAScrypt.m; sourceTree = "<group>"; };
		002CD79E1953921500767675 /* Podfile */ = {isa = PBXFileReference; lastKnownFileType = text; path = Podfile; sourceTree = "<group>"; xcLanguageSpecificationIdentifier = xcode.lang.ruby; };
		002CD79F1953921500767675 /* NAChloride.podspec */ = {isa = PBXFileReference; lastKnownFileType = text; path = NAChloride.podspec; sourceTree = "<group>"; };
		00390F9D1B1E4827001ED3EA /* Tests.xctest */ = {isa = PBXFileReference; explicitFileType = wrapper.cfbundle; includeInIndex = 0; path = Tests.xctest; sourceTree = BUILT_PRODUCTS_DIR; };
		00390FA01B1E4827001ED3EA /* Info.plist */ = {isa = PBXFileReference; lastKnownFileType = text.plist.xml; path = Info.plist; sourceTree = "<group>"; };
		00390FAF1B1E4897001ED3EA /* NAScryptTest.m */ = {isa = PBXFileReference; fileEncoding = 4; lastKnownFileType = sourcecode.c.objc; path = NAScryptTest.m; sourceTree = "<group>"; };
		00390FB01B1E4897001ED3EA /* NASecretBoxTest.m */ = {isa = PBXFileReference; fileEncoding = 4; lastKnownFileType = sourcecode.c.objc; path = NASecretBoxTest.m; sourceTree = "<group>"; };
		00390FB41B1E4897001ED3EA /* NAStreamTest.m */ = {isa = PBXFileReference; fileEncoding = 4; lastKnownFileType = sourcecode.c.objc; path = NAStreamTest.m; sourceTree = "<group>"; };
		003BB2BF1888A16E0019D88F /* Foundation.framework */ = {isa = PBXFileReference; lastKnownFileType = wrapper.framework; name = Foundation.framework; path = System/Library/Frameworks/Foundation.framework; sourceTree = SDKROOT; };
		003BB2C41888A16E0019D88F /* NAChloride.h */ = {isa = PBXFileReference; lastKnownFileType = sourcecode.c.h; path = NAChloride.h; sourceTree = "<group>"; };
		003BB2CD1888A16E0019D88F /* XCTest.framework */ = {isa = PBXFileReference; lastKnownFileType = wrapper.framework; name = XCTest.framework; path = Library/Frameworks/XCTest.framework; sourceTree = DEVELOPER_DIR; };
		003BB2D01888A16E0019D88F /* UIKit.framework */ = {isa = PBXFileReference; lastKnownFileType = wrapper.framework; name = UIKit.framework; path = Library/Frameworks/UIKit.framework; sourceTree = DEVELOPER_DIR; };
		003BB2E51888A1D50019D88F /* NASecretBox.h */ = {isa = PBXFileReference; fileEncoding = 4; lastKnownFileType = sourcecode.c.h; path = NASecretBox.h; sourceTree = "<group>"; };
		003BB2E61888A1D50019D88F /* NASecretBox.m */ = {isa = PBXFileReference; fileEncoding = 4; lastKnownFileType = sourcecode.c.objc; path = NASecretBox.m; sourceTree = "<group>"; };
		003BB2F71888AAF80019D88F /* NAInterface.m */ = {isa = PBXFileReference; fileEncoding = 4; lastKnownFileType = sourcecode.c.objc; path = NAInterface.m; sourceTree = "<group>"; };
		0047C1011B30DFDC0055D184 /* NAOneTimeAuthTest.m */ = {isa = PBXFileReference; fileEncoding = 4; lastKnownFileType = sourcecode.c.objc; path = NAOneTimeAuthTest.m; sourceTree = "<group>"; };
		0047C1031B30E4C40055D184 /* NAAuth.h */ = {isa = PBXFileReference; fileEncoding = 4; lastKnownFileType = sourcecode.c.h; path = NAAuth.h; sourceTree = "<group>"; };
		0047C1041B30E4C40055D184 /* NAAuth.m */ = {isa = PBXFileReference; fileEncoding = 4; lastKnownFileType = sourcecode.c.objc; path = NAAuth.m; sourceTree = "<group>"; };
		0047C1071B30E55C0055D184 /* NAAuthTest.m */ = {isa = PBXFileReference; fileEncoding = 4; lastKnownFileType = sourcecode.c.objc; path = NAAuthTest.m; sourceTree = "<group>"; };
		0047C10E1B30EE630055D184 /* NAChloride.framework */ = {isa = PBXFileReference; explicitFileType = wrapper.framework; includeInIndex = 0; path = NAChloride.framework; sourceTree = BUILT_PRODUCTS_DIR; };
		0047C1DC1B30F39F0055D184 /* NATestUtils.h */ = {isa = PBXFileReference; fileEncoding = 4; lastKnownFileType = sourcecode.c.h; path = NATestUtils.h; sourceTree = "<group>"; };
		0047C1DD1B30F39F0055D184 /* NATestUtils.m */ = {isa = PBXFileReference; fileEncoding = 4; lastKnownFileType = sourcecode.c.objc; path = NATestUtils.m; sourceTree = "<group>"; };
		0047C1DF1B30F4F70055D184 /* NARandom.h */ = {isa = PBXFileReference; fileEncoding = 4; lastKnownFileType = sourcecode.c.h; path = NARandom.h; sourceTree = "<group>"; };
		0047C1E01B30F4F70055D184 /* NARandom.m */ = {isa = PBXFileReference; fileEncoding = 4; lastKnownFileType = sourcecode.c.objc; path = NARandom.m; sourceTree = "<group>"; };
		004CA04419CCDC8D00499844 /* libPods-Tests.a */ = {isa = PBXFileReference; lastKnownFileType = archive.ar; name = "libPods-Tests.a"; path = "Pods/build/Debug-iphoneos/libPods-Tests.a"; sourceTree = "<group>"; };
		004CA05119CCE07B00499844 /* Security.framework */ = {isa = PBXFileReference; lastKnownFileType = wrapper.framework; name = Security.framework; path = System/Library/Frameworks/Security.framework; sourceTree = SDKROOT; };
		004EF2BD1B328FDD007822CE /* NARandomTest.m */ = {isa = PBXFileReference; fileEncoding = 4; lastKnownFileType = sourcecode.c.objc; path = NARandomTest.m; sourceTree = "<group>"; };
		004EF2BF1B333457007822CE /* NAAEAD.h */ = {isa = PBXFileReference; fileEncoding = 4; lastKnownFileType = sourcecode.c.h; path = NAAEAD.h; sourceTree = "<group>"; };
		004EF2C01B333457007822CE /* NAAEAD.m */ = {isa = PBXFileReference; fileEncoding = 4; lastKnownFileType = sourcecode.c.objc; path = NAAEAD.m; sourceTree = "<group>"; };
		004EF2C51B333511007822CE /* NAAEADTest.m */ = {isa = PBXFileReference; fileEncoding = 4; lastKnownFileType = sourcecode.c.objc; path = NAAEADTest.m; sourceTree = "<group>"; };
		004EF2D11B336FD8007822CE /* NAStream.h */ = {isa = PBXFileReference; fileEncoding = 4; lastKnownFileType = sourcecode.c.h; path = NAStream.h; sourceTree = "<group>"; };
		004EF2D21B336FD8007822CE /* NAStream.m */ = {isa = PBXFileReference; fileEncoding = 4; lastKnownFileType = sourcecode.c.objc; path = NAStream.m; sourceTree = "<group>"; };
		004EF2D71B337314007822CE /* NABox.h */ = {isa = PBXFileReference; fileEncoding = 4; lastKnownFileType = sourcecode.c.h; path = NABox.h; sourceTree = "<group>"; };
		004EF2D81B337314007822CE /* NABox.m */ = {isa = PBXFileReference; fileEncoding = 4; lastKnownFileType = sourcecode.c.objc; path = NABox.m; sourceTree = "<group>"; };
		004EF2DD1B3374AE007822CE /* NABoxTest.m */ = {isa = PBXFileReference; fileEncoding = 4; lastKnownFileType = sourcecode.c.objc; path = NABoxTest.m; sourceTree = "<group>"; };
		004EF2DF1B337558007822CE /* NABoxKeypair.h */ = {isa = PBXFileReference; fileEncoding = 4; lastKnownFileType = sourcecode.c.h; path = NABoxKeypair.h; sourceTree = "<group>"; };
		004EF2E01B337558007822CE /* NABoxKeypair.m */ = {isa = PBXFileReference; fileEncoding = 4; lastKnownFileType = sourcecode.c.objc; path = NABoxKeypair.m; sourceTree = "<group>"; };
		0055133A19D3430F0021ABB0 /* NAOneTimeAuth.h */ = {isa = PBXFileReference; fileEncoding = 4; lastKnownFileType = sourcecode.c.h; path = NAOneTimeAuth.h; sourceTree = "<group>"; };
		0055133B19D3430F0021ABB0 /* NAOneTimeAuth.m */ = {isa = PBXFileReference; fileEncoding = 4; lastKnownFileType = sourcecode.c.objc; path = NAOneTimeAuth.m; sourceTree = "<group>"; };
		007A1B93195B77DB00110C88 /* NAInterface.h */ = {isa = PBXFileReference; fileEncoding = 4; lastKnownFileType = sourcecode.c.h; path = NAInterface.h; sourceTree = "<group>"; };
		00A4209A1AE71C0E0040CCDC /* Security.framework */ = {isa = PBXFileReference; lastKnownFileType = wrapper.framework; name = Security.framework; path = Platforms/MacOSX.platform/Developer/SDKs/MacOSX10.10.sdk/System/Library/Frameworks/Security.framework; sourceTree = DEVELOPER_DIR; };
		00AFEFAA18A5B2D30072632C /* README.md */ = {isa = PBXFileReference; lastKnownFileType = text; path = README.md; sourceTree = "<group>"; };
		00CCC6E91B1E4434007090AD /* NAChloride.framework */ = {isa = PBXFileReference; explicitFileType = wrapper.framework; includeInIndex = 0; path = NAChloride.framework; sourceTree = BUILT_PRODUCTS_DIR; };
		13CD629B7BBB41C19D39E5BE /* Foundation.framework */ = {isa = PBXFileReference; lastKnownFileType = wrapper.framework; name = Foundation.framework; path = Platforms/iPhoneOS.platform/Developer/SDKs/iPhoneOS7.0.sdk/System/Library/Frameworks/Foundation.framework; sourceTree = DEVELOPER_DIR; };
		2946C6D94CF54A388BBC5FDB /* libPods-Tests.a */ = {isa = PBXFileReference; explicitFileType = archive.ar; includeInIndex = 0; path = "libPods-Tests.a"; sourceTree = BUILT_PRODUCTS_DIR; };
		32AB1AC2D49DFDDBE801988A /* libPods-NAChloride.a */ = {isa = PBXFileReference; explicitFileType = archive.ar; includeInIndex = 0; path = "libPods-NAChloride.a"; sourceTree = BUILT_PRODUCTS_DIR; };
		38A5BD3CD71EAAA5FDDB9E5B /* Pods-Tests.release.xcconfig */ = {isa = PBXFileReference; includeInIndex = 1; lastKnownFileType = text.xcconfig; name = "Pods-Tests.release.xcconfig"; path = "Pods/Target Support Files/Pods-Tests/Pods-Tests.release.xcconfig"; sourceTree = "<group>"; };
		51F1A2E4EA4CCFF2019E17F9 /* Pods-Tests.debug.xcconfig */ = {isa = PBXFileReference; includeInIndex = 1; lastKnownFileType = text.xcconfig; name = "Pods-Tests.debug.xcconfig"; path = "Pods/Target Support Files/Pods-Tests/Pods-Tests.debug.xcconfig"; sourceTree = "<group>"; };
		68F34770BAE0F9A5EEFF1A02 /* Pods-NAChlorideOSX.debug.xcconfig */ = {isa = PBXFileReference; includeInIndex = 1; lastKnownFileType = text.xcconfig; name = "Pods-NAChlorideOSX.debug.xcconfig"; path = "Pods/Target Support Files/Pods-NAChlorideOSX/Pods-NAChlorideOSX.debug.xcconfig"; sourceTree = "<group>"; };
		7F57C423DDD86BC4E0A6464A /* Pods-NAChloride.debug.xcconfig */ = {isa = PBXFileReference; includeInIndex = 1; lastKnownFileType = text.xcconfig; name = "Pods-NAChloride.debug.xcconfig"; path = "Pods/Target Support Files/Pods-NAChloride/Pods-NAChloride.debug.xcconfig"; sourceTree = "<group>"; };
		8A047D45035F6F99C05F2670 /* Pods.release.xcconfig */ = {isa = PBXFileReference; includeInIndex = 1; lastKnownFileType = text.xcconfig; name = Pods.release.xcconfig; path = "Pods/Target Support Files/Pods/Pods.release.xcconfig"; sourceTree = "<group>"; };
		CD1A239FD8FAFC0FDB3BF5C0 /* Pods-NAChloride.release.xcconfig */ = {isa = PBXFileReference; includeInIndex = 1; lastKnownFileType = text.xcconfig; name = "Pods-NAChloride.release.xcconfig"; path = "Pods/Target Support Files/Pods-NAChloride/Pods-NAChloride.release.xcconfig"; sourceTree = "<group>"; };
		D6A5C6C1D40C411BB7BEAFA8 /* libPods.a */ = {isa = PBXFileReference; explicitFileType = archive.ar; includeInIndex = 0; path = libPods.a; sourceTree = BUILT_PRODUCTS_DIR; };
		E4406630108E63BE9F671EE6 /* libPods-NAChloride-Tests.a */ = {isa = PBXFileReference; explicitFileType = archive.ar; includeInIndex = 0; path = "libPods-NAChloride-Tests.a"; sourceTree = BUILT_PRODUCTS_DIR; };
		E4AD119C0F564E08B71A3B9A /* Pods-NAChlorideOSX.release.xcconfig */ = {isa = PBXFileReference; includeInIndex = 1; lastKnownFileType = text.xcconfig; name = "Pods-NAChlorideOSX.release.xcconfig"; path = "Pods/Target Support Files/Pods-NAChlorideOSX/Pods-NAChlorideOSX.release.xcconfig"; sourceTree = "<group>"; };
		EBCE1A3DCE99B8453A300BE0 /* libPods-NAChlorideOSX.a */ = {isa = PBXFileReference; explicitFileType = archive.ar; includeInIndex = 0; path = "libPods-NAChlorideOSX.a"; sourceTree = BUILT_PRODUCTS_DIR; };
		EBEEE840CBE4DA5C46F28592 /* Pods.debug.xcconfig */ = {isa = PBXFileReference; includeInIndex = 1; lastKnownFileType = text.xcconfig; name = Pods.debug.xcconfig; path = "Pods/Target Support Files/Pods/Pods.debug.xcconfig"; sourceTree = "<group>"; };
		F8C73B30B368720AD6E7AE7F /* Pods-NAChloride-Tests.debug.xcconfig */ = {isa = PBXFileReference; includeInIndex = 1; lastKnownFileType = text.xcconfig; name = "Pods-NAChloride-Tests.debug.xcconfig"; path = "Pods/Target Support Files/Pods-NAChloride-Tests/Pods-NAChloride-Tests.debug.xcconfig"; sourceTree = "<group>"; };
		F9C61AB1D160A624C18AF599 /* Pods-NAChloride-Tests.release.xcconfig */ = {isa = PBXFileReference; includeInIndex = 1; lastKnownFileType = text.xcconfig; name = "Pods-NAChloride-Tests.release.xcconfig"; path = "Pods/Target Support Files/Pods-NAChloride-Tests/Pods-NAChloride-Tests.release.xcconfig"; sourceTree = "<group>"; };
/* End PBXFileReference section */

/* Begin PBXFrameworksBuildPhase section */
		00390F9A1B1E4827001ED3EA /* Frameworks */ = {
			isa = PBXFrameworksBuildPhase;
			buildActionMask = 2147483647;
			files = (
				00390FA31B1E4827001ED3EA /* NAChloride.framework in Frameworks */,
			);
			runOnlyForDeploymentPostprocessing = 0;
		};
		0047C10A1B30EE630055D184 /* Frameworks */ = {
			isa = PBXFrameworksBuildPhase;
			buildActionMask = 2147483647;
			files = (
			);
			runOnlyForDeploymentPostprocessing = 0;
		};
		00CCC6E51B1E4434007090AD /* Frameworks */ = {
			isa = PBXFrameworksBuildPhase;
			buildActionMask = 2147483647;
			files = (
				7B55E12A857DA547A163B2B1 /* libPods-NAChloride.a in Frameworks */,
			);
			runOnlyForDeploymentPostprocessing = 0;
		};
/* End PBXFrameworksBuildPhase section */

/* Begin PBXGroup section */
		00390F9E1B1E4827001ED3EA /* Tests */ = {
			isa = PBXGroup;
			children = (
				00390FAF1B1E4897001ED3EA /* NAScryptTest.m */,
				00390FB01B1E4897001ED3EA /* NASecretBoxTest.m */,
				0047C1071B30E55C0055D184 /* NAAuthTest.m */,
				0047C1011B30DFDC0055D184 /* NAOneTimeAuthTest.m */,
				00390FB41B1E4897001ED3EA /* NAStreamTest.m */,
				004EF2BD1B328FDD007822CE /* NARandomTest.m */,
				004EF2C51B333511007822CE /* NAAEADTest.m */,
				004EF2DD1B3374AE007822CE /* NABoxTest.m */,
				00390F9F1B1E4827001ED3EA /* Supporting Files */,
				0047C1DC1B30F39F0055D184 /* NATestUtils.h */,
				0047C1DD1B30F39F0055D184 /* NATestUtils.m */,
			);
			path = Tests;
			sourceTree = "<group>";
		};
		00390F9F1B1E4827001ED3EA /* Supporting Files */ = {
			isa = PBXGroup;
			children = (
				00390FA01B1E4827001ED3EA /* Info.plist */,
			);
			name = "Supporting Files";
			sourceTree = "<group>";
		};
		003BB2B31888A16E0019D88F = {
			isa = PBXGroup;
			children = (
				002CD79E1953921500767675 /* Podfile */,
				002CD79F1953921500767675 /* NAChloride.podspec */,
				00AFEFAA18A5B2D30072632C /* README.md */,
				003BB2C11888A16E0019D88F /* NAChloride */,
				00390F9E1B1E4827001ED3EA /* Tests */,
				003BB2BE1888A16E0019D88F /* Frameworks */,
				003BB2BD1888A16E0019D88F /* Products */,
				45B1FB23BC1967B6D8B6A6BB /* Pods */,
			);
			sourceTree = "<group>";
		};
		003BB2BD1888A16E0019D88F /* Products */ = {
			isa = PBXGroup;
			children = (
				00CCC6E91B1E4434007090AD /* NAChloride.framework */,
				00390F9D1B1E4827001ED3EA /* Tests.xctest */,
				0047C10E1B30EE630055D184 /* NAChloride.framework */,
			);
			name = Products;
			sourceTree = "<group>";
		};
		003BB2BE1888A16E0019D88F /* Frameworks */ = {
			isa = PBXGroup;
			children = (
				00A4209A1AE71C0E0040CCDC /* Security.framework */,
				004CA05119CCE07B00499844 /* Security.framework */,
				004CA04419CCDC8D00499844 /* libPods-Tests.a */,
				003BB2BF1888A16E0019D88F /* Foundation.framework */,
				003BB2CD1888A16E0019D88F /* XCTest.framework */,
				003BB2D01888A16E0019D88F /* UIKit.framework */,
				D6A5C6C1D40C411BB7BEAFA8 /* libPods.a */,
				99EDB06A9C9B4F3D9E482E13 /* iOS */,
				2946C6D94CF54A388BBC5FDB /* libPods-Tests.a */,
				32AB1AC2D49DFDDBE801988A /* libPods-NAChloride.a */,
				E4406630108E63BE9F671EE6 /* libPods-NAChloride-Tests.a */,
				EBCE1A3DCE99B8453A300BE0 /* libPods-NAChlorideOSX.a */,
			);
			name = Frameworks;
			sourceTree = "<group>";
		};
		003BB2C11888A16E0019D88F /* NAChloride */ = {
			isa = PBXGroup;
			children = (
				003BB2C41888A16E0019D88F /* NAChloride.h */,
				007A1B93195B77DB00110C88 /* NAInterface.h */,
				003BB2F71888AAF80019D88F /* NAInterface.m */,
				003BB2E51888A1D50019D88F /* NASecretBox.h */,
				003BB2E61888A1D50019D88F /* NASecretBox.m */,
				0047C1031B30E4C40055D184 /* NAAuth.h */,
				0047C1041B30E4C40055D184 /* NAAuth.m */,
				0055133A19D3430F0021ABB0 /* NAOneTimeAuth.h */,
				0055133B19D3430F0021ABB0 /* NAOneTimeAuth.m */,
				002CD7951953685D00767675 /* NAScrypt.h */,
				002CD7961953685D00767675 /* NAScrypt.m */,
				0047C1DF1B30F4F70055D184 /* NARandom.h */,
				0047C1E01B30F4F70055D184 /* NARandom.m */,
				004EF2BF1B333457007822CE /* NAAEAD.h */,
				004EF2C01B333457007822CE /* NAAEAD.m */,
				004EF2D11B336FD8007822CE /* NAStream.h */,
				004EF2D21B336FD8007822CE /* NAStream.m */,
				004EF2D71B337314007822CE /* NABox.h */,
				004EF2D81B337314007822CE /* NABox.m */,
				004EF2DF1B337558007822CE /* NABoxKeypair.h */,
				004EF2E01B337558007822CE /* NABoxKeypair.m */,
			);
			path = NAChloride;
			sourceTree = "<group>";
		};
		45B1FB23BC1967B6D8B6A6BB /* Pods */ = {
			isa = PBXGroup;
			children = (
				EBEEE840CBE4DA5C46F28592 /* Pods.debug.xcconfig */,
				8A047D45035F6F99C05F2670 /* Pods.release.xcconfig */,
				38A5BD3CD71EAAA5FDDB9E5B /* Pods-Tests.release.xcconfig */,
				51F1A2E4EA4CCFF2019E17F9 /* Pods-Tests.debug.xcconfig */,
				68F34770BAE0F9A5EEFF1A02 /* Pods-NAChlorideOSX.debug.xcconfig */,
				E4AD119C0F564E08B71A3B9A /* Pods-NAChlorideOSX.release.xcconfig */,
				7F57C423DDD86BC4E0A6464A /* Pods-NAChloride.debug.xcconfig */,
				CD1A239FD8FAFC0FDB3BF5C0 /* Pods-NAChloride.release.xcconfig */,
				F9C61AB1D160A624C18AF599 /* Pods-NAChloride-Tests.release.xcconfig */,
				F8C73B30B368720AD6E7AE7F /* Pods-NAChloride-Tests.debug.xcconfig */,
			);
			name = Pods;
			sourceTree = "<group>";
		};
		99EDB06A9C9B4F3D9E482E13 /* iOS */ = {
			isa = PBXGroup;
			children = (
				13CD629B7BBB41C19D39E5BE /* Foundation.framework */,
			);
			name = iOS;
			sourceTree = "<group>";
		};
/* End PBXGroup section */

/* Begin PBXHeadersBuildPhase section */
		0047C10B1B30EE630055D184 /* Headers */ = {
			isa = PBXHeadersBuildPhase;
			buildActionMask = 2147483647;
			files = (
				0047C1E21B30F4F70055D184 /* NARandom.h in Headers */,
				004EF2C21B333457007822CE /* NAAEAD.h in Headers */,
				0047C1F61B30F6420055D184 /* NAOneTimeAuth.h in Headers */,
				004EF2DA1B337314007822CE /* NABox.h in Headers */,
				0047C1F41B30F6420055D184 /* NASecretBox.h in Headers */,
				0047C1F71B30F6420055D184 /* NAScrypt.h in Headers */,
				0047C1F31B30F6420055D184 /* NAInterface.h in Headers */,
				0047C1F21B30F6420055D184 /* NAChloride.h in Headers */,
				004EF2E21B337558007822CE /* NABoxKeypair.h in Headers */,
				0047C1F51B30F6420055D184 /* NAAuth.h in Headers */,
				004EF2D41B336FD8007822CE /* NAStream.h in Headers */,
			);
			runOnlyForDeploymentPostprocessing = 0;
		};
		00CCC6E61B1E4434007090AD /* Headers */ = {
			isa = PBXHeadersBuildPhase;
			buildActionMask = 2147483647;
			files = (
				0047C1E11B30F4F70055D184 /* NARandom.h in Headers */,
				004EF2C11B333457007822CE /* NAAEAD.h in Headers */,
				00CCC7101B1E446C007090AD /* NASecretBox.h in Headers */,
				004EF2D91B337314007822CE /* NABox.h in Headers */,
				00CCC70D1B1E446C007090AD /* NAChloride.h in Headers */,
				00CCC70E1B1E446C007090AD /* NAInterface.h in Headers */,
				00CCC7201B1E446C007090AD /* NAScrypt.h in Headers */,
				00CCC7121B1E446C007090AD /* NAOneTimeAuth.h in Headers */,
				004EF2E11B337558007822CE /* NABoxKeypair.h in Headers */,
				0047C1051B30E4C40055D184 /* NAAuth.h in Headers */,
				004EF2D31B336FD8007822CE /* NAStream.h in Headers */,
			);
			runOnlyForDeploymentPostprocessing = 0;
		};
/* End PBXHeadersBuildPhase section */

/* Begin PBXNativeTarget section */
		00390F9C1B1E4827001ED3EA /* Tests */ = {
			isa = PBXNativeTarget;
			buildConfigurationList = 00390FA61B1E4827001ED3EA /* Build configuration list for PBXNativeTarget "Tests" */;
			buildPhases = (
				00390F991B1E4827001ED3EA /* Sources */,
				00390F9A1B1E4827001ED3EA /* Frameworks */,
				00390F9B1B1E4827001ED3EA /* Resources */,
			);
			buildRules = (
			);
			dependencies = (
				00390FA51B1E4827001ED3EA /* PBXTargetDependency */,
			);
			name = Tests;
			productName = Tests;
			productReference = 00390F9D1B1E4827001ED3EA /* Tests.xctest */;
			productType = "com.apple.product-type.bundle.unit-test";
		};
		0047C10D1B30EE630055D184 /* NACloride (iOS) */ = {
			isa = PBXNativeTarget;
			buildConfigurationList = 0047C1211B30EE640055D184 /* Build configuration list for PBXNativeTarget "NACloride (iOS)" */;
			buildPhases = (
				0047C1091B30EE630055D184 /* Sources */,
				0047C10A1B30EE630055D184 /* Frameworks */,
				0047C10B1B30EE630055D184 /* Headers */,
				0047C10C1B30EE630055D184 /* Resources */,
			);
			buildRules = (
			);
			dependencies = (
			);
			name = "NACloride (iOS)";
			productName = NAClorideIOS;
			productReference = 0047C10E1B30EE630055D184 /* NAChloride.framework */;
			productType = "com.apple.product-type.framework";
		};
		00CCC6E81B1E4434007090AD /* NAChloride */ = {
			isa = PBXNativeTarget;
			buildConfigurationList = 00CCC6FC1B1E4435007090AD /* Build configuration list for PBXNativeTarget "NAChloride" */;
			buildPhases = (
				0A32100C87282A74B0D79A48 /* Check Pods Manifest.lock */,
				00CCC6E41B1E4434007090AD /* Sources */,
				00CCC6E51B1E4434007090AD /* Frameworks */,
				00CCC6E61B1E4434007090AD /* Headers */,
				00CCC6E71B1E4434007090AD /* Resources */,
				AFC8A933DFCA7D2780DFD1A4 /* Copy Pods Resources */,
			);
			buildRules = (
			);
			dependencies = (
			);
			name = NAChloride;
			productName = NAChloride;
			productReference = 00CCC6E91B1E4434007090AD /* NAChloride.framework */;
			productType = "com.apple.product-type.framework";
		};
/* End PBXNativeTarget section */

/* Begin PBXProject section */
		003BB2B41888A16E0019D88F /* Project object */ = {
			isa = PBXProject;
			attributes = {
				CLASSPREFIX = NA;
				LastUpgradeCheck = 0600;
				ORGANIZATIONNAME = "Gabriel Handford";
				TargetAttributes = {
					00390F9C1B1E4827001ED3EA = {
						CreatedOnToolsVersion = 6.3.2;
					};
					0047C10D1B30EE630055D184 = {
						CreatedOnToolsVersion = 6.3.2;
					};
					00CCC6E81B1E4434007090AD = {
						CreatedOnToolsVersion = 6.3.2;
					};
				};
			};
			buildConfigurationList = 003BB2B71888A16E0019D88F /* Build configuration list for PBXProject "NAChloride" */;
			compatibilityVersion = "Xcode 3.2";
			developmentRegion = English;
			hasScannedForEncodings = 0;
			knownRegions = (
				en,
			);
			mainGroup = 003BB2B31888A16E0019D88F;
			productRefGroup = 003BB2BD1888A16E0019D88F /* Products */;
			projectDirPath = "";
			projectRoot = "";
			targets = (
				00CCC6E81B1E4434007090AD /* NAChloride */,
				00390F9C1B1E4827001ED3EA /* Tests */,
				0047C10D1B30EE630055D184 /* NACloride (iOS) */,
			);
		};
/* End PBXProject section */

/* Begin PBXResourcesBuildPhase section */
		00390F9B1B1E4827001ED3EA /* Resources */ = {
			isa = PBXResourcesBuildPhase;
			buildActionMask = 2147483647;
			files = (
			);
			runOnlyForDeploymentPostprocessing = 0;
		};
		0047C10C1B30EE630055D184 /* Resources */ = {
			isa = PBXResourcesBuildPhase;
			buildActionMask = 2147483647;
			files = (
			);
			runOnlyForDeploymentPostprocessing = 0;
		};
		00CCC6E71B1E4434007090AD /* Resources */ = {
			isa = PBXResourcesBuildPhase;
			buildActionMask = 2147483647;
			files = (
			);
			runOnlyForDeploymentPostprocessing = 0;
		};
/* End PBXResourcesBuildPhase section */

/* Begin PBXShellScriptBuildPhase section */
		0A32100C87282A74B0D79A48 /* Check Pods Manifest.lock */ = {
			isa = PBXShellScriptBuildPhase;
			buildActionMask = 2147483647;
			files = (
			);
			inputPaths = (
			);
			name = "Check Pods Manifest.lock";
			outputPaths = (
			);
			runOnlyForDeploymentPostprocessing = 0;
			shellPath = /bin/sh;
			shellScript = "diff \"${PODS_ROOT}/../Podfile.lock\" \"${PODS_ROOT}/Manifest.lock\" > /dev/null\nif [[ $? != 0 ]] ; then\n    cat << EOM\nerror: The sandbox is not in sync with the Podfile.lock. Run 'pod install' or update your CocoaPods installation.\nEOM\n    exit 1\nfi\n";
			showEnvVarsInLog = 0;
		};
		AFC8A933DFCA7D2780DFD1A4 /* Copy Pods Resources */ = {
			isa = PBXShellScriptBuildPhase;
			buildActionMask = 2147483647;
			files = (
			);
			inputPaths = (
			);
			name = "Copy Pods Resources";
			outputPaths = (
			);
			runOnlyForDeploymentPostprocessing = 0;
			shellPath = /bin/sh;
			shellScript = "\"${SRCROOT}/Pods/Target Support Files/Pods-NAChloride/Pods-NAChloride-resources.sh\"\n";
			showEnvVarsInLog = 0;
		};
/* End PBXShellScriptBuildPhase section */

/* Begin PBXSourcesBuildPhase section */
		00390F991B1E4827001ED3EA /* Sources */ = {
			isa = PBXSourcesBuildPhase;
			buildActionMask = 2147483647;
			files = (
				0047C1DE1B30F39F0055D184 /* NATestUtils.m in Sources */,
				004EF2C61B333511007822CE /* NAAEADTest.m in Sources */,
				00390FBC1B1E4897001ED3EA /* NASecretBoxTest.m in Sources */,
				004EF2DE1B3374AE007822CE /* NABoxTest.m in Sources */,
				0047C1021B30DFDC0055D184 /* NAOneTimeAuthTest.m in Sources */,
				004EF2BE1B328FDD007822CE /* NARandomTest.m in Sources */,
				0047C1081B30E55C0055D184 /* NAAuthTest.m in Sources */,
				00390FC01B1E4897001ED3EA /* NAStreamTest.m in Sources */,
				00390FBB1B1E4897001ED3EA /* NAScryptTest.m in Sources */,
			);
			runOnlyForDeploymentPostprocessing = 0;
		};
		0047C1091B30EE630055D184 /* Sources */ = {
			isa = PBXSourcesBuildPhase;
			buildActionMask = 2147483647;
			files = (
				0047C1EE1B30F63A0055D184 /* NAOneTimeAuth.m in Sources */,
				0047C1EC1B30F63A0055D184 /* NASecretBox.m in Sources */,
				004EF2E41B337558007822CE /* NABoxKeypair.m in Sources */,
				0047C1EB1B30F63A0055D184 /* NAInterface.m in Sources */,
				004EF2DC1B337314007822CE /* NABox.m in Sources */,
				0047C1ED1B30F63A0055D184 /* NAAuth.m in Sources */,
				004EF2D61B336FD8007822CE /* NAStream.m in Sources */,
				004EF2C41B333457007822CE /* NAAEAD.m in Sources */,
				0047C1EF1B30F63A0055D184 /* NAScrypt.m in Sources */,
				0047C1F11B30F63A0055D184 /* NARandom.m in Sources */,
			);
			runOnlyForDeploymentPostprocessing = 0;
		};
		00CCC6E41B1E4434007090AD /* Sources */ = {
			isa = PBXSourcesBuildPhase;
			buildActionMask = 2147483647;
			files = (
				00CCC7111B1E446C007090AD /* NASecretBox.m in Sources */,
				0047C1061B30E4C40055D184 /* NAAuth.m in Sources */,
				004EF2E31B337558007822CE /* NABoxKeypair.m in Sources */,
				00CCC7131B1E446C007090AD /* NAOneTimeAuth.m in Sources */,
				004EF2DB1B337314007822CE /* NABox.m in Sources */,
				004EF2D51B336FD8007822CE /* NAStream.m in Sources */,
				00CCC70F1B1E446C007090AD /* NAInterface.m in Sources */,
				004EF2C31B333457007822CE /* NAAEAD.m in Sources */,
				00CCC7211B1E446C007090AD /* NAScrypt.m in Sources */,
				0047C1E31B30F4F70055D184 /* NARandom.m in Sources */,
			);
			runOnlyForDeploymentPostprocessing = 0;
		};
/* End PBXSourcesBuildPhase section */

/* Begin PBXTargetDependency section */
		00390FA51B1E4827001ED3EA /* PBXTargetDependency */ = {
			isa = PBXTargetDependency;
			target = 00CCC6E81B1E4434007090AD /* NAChloride */;
			targetProxy = 00390FA41B1E4827001ED3EA /* PBXContainerItemProxy */;
		};
/* End PBXTargetDependency section */

/* Begin XCBuildConfiguration section */
		00390FA71B1E4827001ED3EA /* Debug */ = {
			isa = XCBuildConfiguration;
			buildSettings = {
				CLANG_WARN_UNREACHABLE_CODE = YES;
				COMBINE_HIDPI_IMAGES = YES;
				DEBUG_INFORMATION_FORMAT = dwarf;
				ENABLE_STRICT_OBJC_MSGSEND = YES;
				FRAMEWORK_SEARCH_PATHS = (
					"$(DEVELOPER_FRAMEWORKS_DIR)",
					"$(inherited)",
				);
				GCC_NO_COMMON_BLOCKS = YES;
				GCC_PREPROCESSOR_DEFINITIONS = (
					"DEBUG=1",
					"$(inherited)",
				);
				GCC_WARN_UNINITIALIZED_AUTOS = YES_AGGRESSIVE;
				INFOPLIST_FILE = Tests/Info.plist;
				LD_RUNPATH_SEARCH_PATHS = "$(inherited) @executable_path/../Frameworks @loader_path/../Frameworks";
				MACOSX_DEPLOYMENT_TARGET = 10.10;
				MTL_ENABLE_DEBUG_INFO = YES;
				PRODUCT_NAME = "$(TARGET_NAME)";
				SDKROOT = macosx;
			};
			name = Debug;
		};
		00390FA81B1E4827001ED3EA /* Release */ = {
			isa = XCBuildConfiguration;
			buildSettings = {
				CLANG_WARN_UNREACHABLE_CODE = YES;
				COMBINE_HIDPI_IMAGES = YES;
				COPY_PHASE_STRIP = NO;
				DEBUG_INFORMATION_FORMAT = "dwarf-with-dsym";
				ENABLE_STRICT_OBJC_MSGSEND = YES;
				FRAMEWORK_SEARCH_PATHS = (
					"$(DEVELOPER_FRAMEWORKS_DIR)",
					"$(inherited)",
				);
				GCC_NO_COMMON_BLOCKS = YES;
				GCC_WARN_UNINITIALIZED_AUTOS = YES_AGGRESSIVE;
				INFOPLIST_FILE = Tests/Info.plist;
				LD_RUNPATH_SEARCH_PATHS = "$(inherited) @executable_path/../Frameworks @loader_path/../Frameworks";
				MACOSX_DEPLOYMENT_TARGET = 10.10;
				MTL_ENABLE_DEBUG_INFO = NO;
				PRODUCT_NAME = "$(TARGET_NAME)";
				SDKROOT = macosx;
			};
			name = Release;
		};
		003BB2DD1888A16E0019D88F /* Debug */ = {
			isa = XCBuildConfiguration;
			buildSettings = {
				ALWAYS_SEARCH_USER_PATHS = NO;
				CLANG_CXX_LANGUAGE_STANDARD = "gnu++0x";
				CLANG_CXX_LIBRARY = "libc++";
				CLANG_ENABLE_MODULES = YES;
				CLANG_ENABLE_OBJC_ARC = YES;
				CLANG_WARN_BOOL_CONVERSION = YES;
				CLANG_WARN_CONSTANT_CONVERSION = YES;
				CLANG_WARN_DIRECT_OBJC_ISA_USAGE = YES_ERROR;
				CLANG_WARN_EMPTY_BODY = YES;
				CLANG_WARN_ENUM_CONVERSION = YES;
				CLANG_WARN_INT_CONVERSION = YES;
				CLANG_WARN_OBJC_ROOT_CLASS = YES_ERROR;
				CLANG_WARN__DUPLICATE_METHOD_MATCH = YES;
				COPY_PHASE_STRIP = NO;
				GCC_C_LANGUAGE_STANDARD = gnu99;
				GCC_DYNAMIC_NO_PIC = NO;
				GCC_OPTIMIZATION_LEVEL = 0;
				GCC_PREPROCESSOR_DEFINITIONS = (
					"DEBUG=1",
					"$(inherited)",
				);
				GCC_SYMBOLS_PRIVATE_EXTERN = NO;
				GCC_WARN_64_TO_32_BIT_CONVERSION = YES;
				GCC_WARN_ABOUT_RETURN_TYPE = YES_ERROR;
				GCC_WARN_UNDECLARED_SELECTOR = YES;
				GCC_WARN_UNINITIALIZED_AUTOS = YES;
				GCC_WARN_UNUSED_FUNCTION = YES;
				GCC_WARN_UNUSED_VARIABLE = YES;
				IPHONEOS_DEPLOYMENT_TARGET = 7.0;
				ONLY_ACTIVE_ARCH = YES;
				SDKROOT = iphoneos;
			};
			name = Debug;
		};
		003BB2DE1888A16E0019D88F /* Release */ = {
			isa = XCBuildConfiguration;
			buildSettings = {
				ALWAYS_SEARCH_USER_PATHS = NO;
				CLANG_CXX_LANGUAGE_STANDARD = "gnu++0x";
				CLANG_CXX_LIBRARY = "libc++";
				CLANG_ENABLE_MODULES = YES;
				CLANG_ENABLE_OBJC_ARC = YES;
				CLANG_WARN_BOOL_CONVERSION = YES;
				CLANG_WARN_CONSTANT_CONVERSION = YES;
				CLANG_WARN_DIRECT_OBJC_ISA_USAGE = YES_ERROR;
				CLANG_WARN_EMPTY_BODY = YES;
				CLANG_WARN_ENUM_CONVERSION = YES;
				CLANG_WARN_INT_CONVERSION = YES;
				CLANG_WARN_OBJC_ROOT_CLASS = YES_ERROR;
				CLANG_WARN__DUPLICATE_METHOD_MATCH = YES;
				COPY_PHASE_STRIP = YES;
				ENABLE_NS_ASSERTIONS = NO;
				GCC_C_LANGUAGE_STANDARD = gnu99;
				GCC_WARN_64_TO_32_BIT_CONVERSION = YES;
				GCC_WARN_ABOUT_RETURN_TYPE = YES_ERROR;
				GCC_WARN_UNDECLARED_SELECTOR = YES;
				GCC_WARN_UNINITIALIZED_AUTOS = YES;
				GCC_WARN_UNUSED_FUNCTION = YES;
				GCC_WARN_UNUSED_VARIABLE = YES;
				IPHONEOS_DEPLOYMENT_TARGET = 7.0;
				SDKROOT = iphoneos;
				VALIDATE_PRODUCT = YES;
			};
			name = Release;
		};
		0047C1221B30EE640055D184 /* Debug */ = {
			isa = XCBuildConfiguration;
			buildSettings = {
				CLANG_WARN_UNREACHABLE_CODE = YES;
				"CODE_SIGN_IDENTITY[sdk=iphoneos*]" = "iPhone Developer";
				CURRENT_PROJECT_VERSION = 1;
				DEBUG_INFORMATION_FORMAT = "dwarf-with-dsym";
				DEFINES_MODULE = YES;
				DYLIB_COMPATIBILITY_VERSION = 1;
				DYLIB_CURRENT_VERSION = 1;
				DYLIB_INSTALL_NAME_BASE = "@rpath";
				ENABLE_STRICT_OBJC_MSGSEND = YES;
				GCC_NO_COMMON_BLOCKS = YES;
				GCC_PREPROCESSOR_DEFINITIONS = (
					"DEBUG=1",
					"$(inherited)",
				);
				GCC_WARN_UNINITIALIZED_AUTOS = YES_AGGRESSIVE;
				INFOPLIST_FILE = NACloride/Info.plist;
				INSTALL_PATH = "$(LOCAL_LIBRARY_DIR)/Frameworks";
				IPHONEOS_DEPLOYMENT_TARGET = 8.3;
				LD_RUNPATH_SEARCH_PATHS = "$(inherited) @executable_path/Frameworks @loader_path/Frameworks";
				MTL_ENABLE_DEBUG_INFO = YES;
				PRODUCT_NAME = NAChloride;
				SKIP_INSTALL = YES;
				TARGETED_DEVICE_FAMILY = "1,2";
				VERSIONING_SYSTEM = "apple-generic";
				VERSION_INFO_PREFIX = "";
			};
			name = Debug;
		};
		0047C1231B30EE640055D184 /* Release */ = {
			isa = XCBuildConfiguration;
			buildSettings = {
				CLANG_WARN_UNREACHABLE_CODE = YES;
				"CODE_SIGN_IDENTITY[sdk=iphoneos*]" = "iPhone Developer";
				COPY_PHASE_STRIP = NO;
				CURRENT_PROJECT_VERSION = 1;
				DEBUG_INFORMATION_FORMAT = "dwarf-with-dsym";
				DEFINES_MODULE = YES;
				DYLIB_COMPATIBILITY_VERSION = 1;
				DYLIB_CURRENT_VERSION = 1;
				DYLIB_INSTALL_NAME_BASE = "@rpath";
				ENABLE_STRICT_OBJC_MSGSEND = YES;
				GCC_NO_COMMON_BLOCKS = YES;
				GCC_WARN_UNINITIALIZED_AUTOS = YES_AGGRESSIVE;
				INFOPLIST_FILE = NACloride/Info.plist;
				INSTALL_PATH = "$(LOCAL_LIBRARY_DIR)/Frameworks";
				IPHONEOS_DEPLOYMENT_TARGET = 8.3;
				LD_RUNPATH_SEARCH_PATHS = "$(inherited) @executable_path/Frameworks @loader_path/Frameworks";
				MTL_ENABLE_DEBUG_INFO = NO;
				PRODUCT_NAME = NAChloride;
				SKIP_INSTALL = YES;
				TARGETED_DEVICE_FAMILY = "1,2";
				VERSIONING_SYSTEM = "apple-generic";
				VERSION_INFO_PREFIX = "";
			};
			name = Release;
		};
		00CCC6FD1B1E4435007090AD /* Debug */ = {
			isa = XCBuildConfiguration;
			baseConfigurationReference = 7F57C423DDD86BC4E0A6464A /* Pods-NAChloride.debug.xcconfig */;
			buildSettings = {
				CLANG_WARN_UNREACHABLE_CODE = YES;
				COMBINE_HIDPI_IMAGES = YES;
				CURRENT_PROJECT_VERSION = 1;
				DEBUG_INFORMATION_FORMAT = dwarf;
				DEFINES_MODULE = YES;
				DYLIB_COMPATIBILITY_VERSION = 1;
				DYLIB_CURRENT_VERSION = 1;
				DYLIB_INSTALL_NAME_BASE = "@rpath";
				ENABLE_STRICT_OBJC_MSGSEND = YES;
				FRAMEWORK_VERSION = A;
				GCC_NO_COMMON_BLOCKS = YES;
				GCC_PREPROCESSOR_DEFINITIONS = (
					"DEBUG=1",
					"$(inherited)",
				);
				GCC_WARN_UNINITIALIZED_AUTOS = YES_AGGRESSIVE;
				INFOPLIST_FILE = NAChloride/Info.plist;
				INSTALL_PATH = "$(LOCAL_LIBRARY_DIR)/Frameworks";
				LD_RUNPATH_SEARCH_PATHS = "$(inherited) @executable_path/../Frameworks @loader_path/Frameworks";
				MACOSX_DEPLOYMENT_TARGET = 10.10;
				MTL_ENABLE_DEBUG_INFO = YES;
				PRODUCT_NAME = "$(TARGET_NAME)";
				SDKROOT = macosx;
				SKIP_INSTALL = YES;
				VERSIONING_SYSTEM = "apple-generic";
				VERSION_INFO_PREFIX = "";
			};
			name = Debug;
		};
		00CCC6FE1B1E4435007090AD /* Release */ = {
			isa = XCBuildConfiguration;
			baseConfigurationReference = CD1A239FD8FAFC0FDB3BF5C0 /* Pods-NAChloride.release.xcconfig */;
			buildSettings = {
				CLANG_WARN_UNREACHABLE_CODE = YES;
				COMBINE_HIDPI_IMAGES = YES;
				COPY_PHASE_STRIP = NO;
				CURRENT_PROJECT_VERSION = 1;
				DEBUG_INFORMATION_FORMAT = "dwarf-with-dsym";
				DEFINES_MODULE = YES;
				DYLIB_COMPATIBILITY_VERSION = 1;
				DYLIB_CURRENT_VERSION = 1;
				DYLIB_INSTALL_NAME_BASE = "@rpath";
				ENABLE_STRICT_OBJC_MSGSEND = YES;
				FRAMEWORK_VERSION = A;
				GCC_NO_COMMON_BLOCKS = YES;
				GCC_WARN_UNINITIALIZED_AUTOS = YES_AGGRESSIVE;
				INFOPLIST_FILE = NAChloride/Info.plist;
				INSTALL_PATH = "$(LOCAL_LIBRARY_DIR)/Frameworks";
				LD_RUNPATH_SEARCH_PATHS = "$(inherited) @executable_path/../Frameworks @loader_path/Frameworks";
				MACOSX_DEPLOYMENT_TARGET = 10.10;
				MTL_ENABLE_DEBUG_INFO = NO;
				PRODUCT_NAME = "$(TARGET_NAME)";
				SDKROOT = macosx;
				SKIP_INSTALL = YES;
				VERSIONING_SYSTEM = "apple-generic";
				VERSION_INFO_PREFIX = "";
			};
			name = Release;
		};
/* End XCBuildConfiguration section */

/* Begin XCConfigurationList section */
		00390FA61B1E4827001ED3EA /* Build configuration list for PBXNativeTarget "Tests" */ = {
			isa = XCConfigurationList;
			buildConfigurations = (
				00390FA71B1E4827001ED3EA /* Debug */,
				00390FA81B1E4827001ED3EA /* Release */,
			);
			defaultConfigurationIsVisible = 0;
			defaultConfigurationName = Release;
		};
		003BB2B71888A16E0019D88F /* Build configuration list for PBXProject "NAChloride" */ = {
			isa = XCConfigurationList;
			buildConfigurations = (
				003BB2DD1888A16E0019D88F /* Debug */,
				003BB2DE1888A16E0019D88F /* Release */,
			);
			defaultConfigurationIsVisible = 0;
			defaultConfigurationName = Release;
		};
		0047C1211B30EE640055D184 /* Build configuration list for PBXNativeTarget "NACloride (iOS)" */ = {
			isa = XCConfigurationList;
			buildConfigurations = (
				0047C1221B30EE640055D184 /* Debug */,
				0047C1231B30EE640055D184 /* Release */,
			);
			defaultConfigurationIsVisible = 0;
			defaultConfigurationName = Release;
		};
		00CCC6FC1B1E4435007090AD /* Build configuration list for PBXNativeTarget "NAChloride" */ = {
			isa = XCConfigurationList;
			buildConfigurations = (
				00CCC6FD1B1E4435007090AD /* Debug */,
				00CCC6FE1B1E4435007090AD /* Release */,
			);
			defaultConfigurationIsVisible = 0;
			defaultConfigurationName = Release;
		};
/* End XCConfigurationList section */
	};
	rootObject = 003BB2B41888A16E0019D88F /* Project object */;
}
