// !$*UTF8*$!
{
	archiveVersion = 1;
	classes = {
	};
	objectVersion = 46;
	objects = {

/* Begin PBXBuildFile section */
		0062460A1D8E0899009DDFA8 /* NAChloride.framework in Frameworks */ = {isa = PBXBuildFile; fileRef = 006246001D8E0899009DDFA8 /* NAChloride.framework */; };
		006246111D8E0899009DDFA8 /* NAChloride.h in Headers */ = {isa = PBXBuildFile; fileRef = 006246031D8E0899009DDFA8 /* NAChloride.h */; settings = {ATTRIBUTES = (Public, ); }; };
		006246301D8E08F3009DDFA8 /* NAAEAD.h in Headers */ = {isa = PBXBuildFile; fileRef = 0062461A1D8E08F3009DDFA8 /* NAAEAD.h */; settings = {ATTRIBUTES = (Public, ); }; };
		006246311D8E08F3009DDFA8 /* NAAEAD.m in Sources */ = {isa = PBXBuildFile; fileRef = 0062461B1D8E08F3009DDFA8 /* NAAEAD.m */; };
		006246321D8E08F3009DDFA8 /* NAAuth.h in Headers */ = {isa = PBXBuildFile; fileRef = 0062461C1D8E08F3009DDFA8 /* NAAuth.h */; settings = {ATTRIBUTES = (Public, ); }; };
		006246331D8E08F3009DDFA8 /* NAAuth.m in Sources */ = {isa = PBXBuildFile; fileRef = 0062461D1D8E08F3009DDFA8 /* NAAuth.m */; };
		006246341D8E08F3009DDFA8 /* NABox.h in Headers */ = {isa = PBXBuildFile; fileRef = 0062461E1D8E08F3009DDFA8 /* NABox.h */; settings = {ATTRIBUTES = (Public, ); }; };
		006246351D8E08F3009DDFA8 /* NABox.m in Sources */ = {isa = PBXBuildFile; fileRef = 0062461F1D8E08F3009DDFA8 /* NABox.m */; };
		006246361D8E08F3009DDFA8 /* NABoxKeypair.h in Headers */ = {isa = PBXBuildFile; fileRef = 006246201D8E08F3009DDFA8 /* NABoxKeypair.h */; settings = {ATTRIBUTES = (Public, ); }; };
		006246371D8E08F3009DDFA8 /* NABoxKeypair.m in Sources */ = {isa = PBXBuildFile; fileRef = 006246211D8E08F3009DDFA8 /* NABoxKeypair.m */; };
		006246381D8E08F3009DDFA8 /* NAInterface.h in Headers */ = {isa = PBXBuildFile; fileRef = 006246221D8E08F3009DDFA8 /* NAInterface.h */; settings = {ATTRIBUTES = (Public, ); }; };
		006246391D8E08F3009DDFA8 /* NAInterface.m in Sources */ = {isa = PBXBuildFile; fileRef = 006246231D8E08F3009DDFA8 /* NAInterface.m */; };
		0062463A1D8E08F3009DDFA8 /* NAOneTimeAuth.h in Headers */ = {isa = PBXBuildFile; fileRef = 006246241D8E08F3009DDFA8 /* NAOneTimeAuth.h */; settings = {ATTRIBUTES = (Public, ); }; };
		0062463B1D8E08F3009DDFA8 /* NAOneTimeAuth.m in Sources */ = {isa = PBXBuildFile; fileRef = 006246251D8E08F3009DDFA8 /* NAOneTimeAuth.m */; };
		0062463C1D8E08F3009DDFA8 /* NARandom.h in Headers */ = {isa = PBXBuildFile; fileRef = 006246261D8E08F3009DDFA8 /* NARandom.h */; settings = {ATTRIBUTES = (Public, ); }; };
		0062463D1D8E08F3009DDFA8 /* NARandom.m in Sources */ = {isa = PBXBuildFile; fileRef = 006246271D8E08F3009DDFA8 /* NARandom.m */; };
		0062463E1D8E08F3009DDFA8 /* NAScrypt.h in Headers */ = {isa = PBXBuildFile; fileRef = 006246281D8E08F3009DDFA8 /* NAScrypt.h */; settings = {ATTRIBUTES = (Public, ); }; };
		0062463F1D8E08F3009DDFA8 /* NAScrypt.m in Sources */ = {isa = PBXBuildFile; fileRef = 006246291D8E08F3009DDFA8 /* NAScrypt.m */; };
		006246401D8E08F3009DDFA8 /* NASecretBox.h in Headers */ = {isa = PBXBuildFile; fileRef = 0062462A1D8E08F3009DDFA8 /* NASecretBox.h */; settings = {ATTRIBUTES = (Public, ); }; };
		006246411D8E08F3009DDFA8 /* NASecretBox.m in Sources */ = {isa = PBXBuildFile; fileRef = 0062462B1D8E08F3009DDFA8 /* NASecretBox.m */; };
		006246421D8E08F3009DDFA8 /* NASecureData.h in Headers */ = {isa = PBXBuildFile; fileRef = 0062462C1D8E08F3009DDFA8 /* NASecureData.h */; settings = {ATTRIBUTES = (Public, ); }; };
		006246431D8E08F3009DDFA8 /* NASecureData.m in Sources */ = {isa = PBXBuildFile; fileRef = 0062462D1D8E08F3009DDFA8 /* NASecureData.m */; };
		006246441D8E08F3009DDFA8 /* NAStream.h in Headers */ = {isa = PBXBuildFile; fileRef = 0062462E1D8E08F3009DDFA8 /* NAStream.h */; settings = {ATTRIBUTES = (Public, ); }; };
		006246451D8E08F3009DDFA8 /* NAStream.m in Sources */ = {isa = PBXBuildFile; fileRef = 0062462F1D8E08F3009DDFA8 /* NAStream.m */; };
		0062466A1D8E0963009DDFA8 /* NAChloride.framework in Frameworks */ = {isa = PBXBuildFile; fileRef = 006246611D8E0962009DDFA8 /* NAChloride.framework */; };
		006246781D8E097C009DDFA8 /* NAChloride.h in Headers */ = {isa = PBXBuildFile; fileRef = 006246031D8E0899009DDFA8 /* NAChloride.h */; settings = {ATTRIBUTES = (Public, ); }; };
		006246791D8E097C009DDFA8 /* NAAEAD.h in Headers */ = {isa = PBXBuildFile; fileRef = 0062461A1D8E08F3009DDFA8 /* NAAEAD.h */; settings = {ATTRIBUTES = (Public, ); }; };
		0062467A1D8E097C009DDFA8 /* NAAEAD.m in Sources */ = {isa = PBXBuildFile; fileRef = 0062461B1D8E08F3009DDFA8 /* NAAEAD.m */; };
		0062467B1D8E097C009DDFA8 /* NAAuth.h in Headers */ = {isa = PBXBuildFile; fileRef = 0062461C1D8E08F3009DDFA8 /* NAAuth.h */; settings = {ATTRIBUTES = (Public, ); }; };
		0062467C1D8E097C009DDFA8 /* NAAuth.m in Sources */ = {isa = PBXBuildFile; fileRef = 0062461D1D8E08F3009DDFA8 /* NAAuth.m */; };
		0062467D1D8E097C009DDFA8 /* NABox.h in Headers */ = {isa = PBXBuildFile; fileRef = 0062461E1D8E08F3009DDFA8 /* NABox.h */; settings = {ATTRIBUTES = (Public, ); }; };
		0062467E1D8E097C009DDFA8 /* NABox.m in Sources */ = {isa = PBXBuildFile; fileRef = 0062461F1D8E08F3009DDFA8 /* NABox.m */; };
		0062467F1D8E097C009DDFA8 /* NABoxKeypair.h in Headers */ = {isa = PBXBuildFile; fileRef = 006246201D8E08F3009DDFA8 /* NABoxKeypair.h */; settings = {ATTRIBUTES = (Public, ); }; };
		006246801D8E097C009DDFA8 /* NABoxKeypair.m in Sources */ = {isa = PBXBuildFile; fileRef = 006246211D8E08F3009DDFA8 /* NABoxKeypair.m */; };
		006246811D8E097C009DDFA8 /* NAInterface.h in Headers */ = {isa = PBXBuildFile; fileRef = 006246221D8E08F3009DDFA8 /* NAInterface.h */; settings = {ATTRIBUTES = (Public, ); }; };
		006246821D8E097C009DDFA8 /* NAInterface.m in Sources */ = {isa = PBXBuildFile; fileRef = 006246231D8E08F3009DDFA8 /* NAInterface.m */; };
		006246831D8E097C009DDFA8 /* NAOneTimeAuth.h in Headers */ = {isa = PBXBuildFile; fileRef = 006246241D8E08F3009DDFA8 /* NAOneTimeAuth.h */; settings = {ATTRIBUTES = (Public, ); }; };
		006246841D8E097C009DDFA8 /* NAOneTimeAuth.m in Sources */ = {isa = PBXBuildFile; fileRef = 006246251D8E08F3009DDFA8 /* NAOneTimeAuth.m */; };
		006246851D8E097C009DDFA8 /* NARandom.h in Headers */ = {isa = PBXBuildFile; fileRef = 006246261D8E08F3009DDFA8 /* NARandom.h */; settings = {ATTRIBUTES = (Public, ); }; };
		006246861D8E097C009DDFA8 /* NARandom.m in Sources */ = {isa = PBXBuildFile; fileRef = 006246271D8E08F3009DDFA8 /* NARandom.m */; };
		006246871D8E097C009DDFA8 /* NAScrypt.h in Headers */ = {isa = PBXBuildFile; fileRef = 006246281D8E08F3009DDFA8 /* NAScrypt.h */; settings = {ATTRIBUTES = (Public, ); }; };
		006246881D8E097C009DDFA8 /* NAScrypt.m in Sources */ = {isa = PBXBuildFile; fileRef = 006246291D8E08F3009DDFA8 /* NAScrypt.m */; };
		006246891D8E097C009DDFA8 /* NASecretBox.h in Headers */ = {isa = PBXBuildFile; fileRef = 0062462A1D8E08F3009DDFA8 /* NASecretBox.h */; settings = {ATTRIBUTES = (Public, ); }; };
		0062468A1D8E097C009DDFA8 /* NASecretBox.m in Sources */ = {isa = PBXBuildFile; fileRef = 0062462B1D8E08F3009DDFA8 /* NASecretBox.m */; };
		0062468B1D8E097C009DDFA8 /* NASecureData.h in Headers */ = {isa = PBXBuildFile; fileRef = 0062462C1D8E08F3009DDFA8 /* NASecureData.h */; settings = {ATTRIBUTES = (Public, ); }; };
		0062468C1D8E097C009DDFA8 /* NASecureData.m in Sources */ = {isa = PBXBuildFile; fileRef = 0062462D1D8E08F3009DDFA8 /* NASecureData.m */; };
		0062468D1D8E097C009DDFA8 /* NAStream.h in Headers */ = {isa = PBXBuildFile; fileRef = 0062462E1D8E08F3009DDFA8 /* NAStream.h */; settings = {ATTRIBUTES = (Public, ); }; };
		0062468E1D8E097C009DDFA8 /* NAStream.m in Sources */ = {isa = PBXBuildFile; fileRef = 0062462F1D8E08F3009DDFA8 /* NAStream.m */; };
		006246B91D8E0A91009DDFA8 /* NAAEADTest.m in Sources */ = {isa = PBXBuildFile; fileRef = 006246AE1D8E0A91009DDFA8 /* NAAEADTest.m */; };
		006246BA1D8E0A91009DDFA8 /* NAAuthTest.m in Sources */ = {isa = PBXBuildFile; fileRef = 006246AF1D8E0A91009DDFA8 /* NAAuthTest.m */; };
		006246BB1D8E0A91009DDFA8 /* NABoxTest.m in Sources */ = {isa = PBXBuildFile; fileRef = 006246B01D8E0A91009DDFA8 /* NABoxTest.m */; };
		006246BC1D8E0A91009DDFA8 /* NAOneTimeAuthTest.m in Sources */ = {isa = PBXBuildFile; fileRef = 006246B11D8E0A91009DDFA8 /* NAOneTimeAuthTest.m */; };
		006246BD1D8E0A91009DDFA8 /* NARandomTest.m in Sources */ = {isa = PBXBuildFile; fileRef = 006246B21D8E0A91009DDFA8 /* NARandomTest.m */; };
		006246BE1D8E0A91009DDFA8 /* NAScryptTest.m in Sources */ = {isa = PBXBuildFile; fileRef = 006246B31D8E0A91009DDFA8 /* NAScryptTest.m */; };
		006246BF1D8E0A91009DDFA8 /* NASecretBoxTest.m in Sources */ = {isa = PBXBuildFile; fileRef = 006246B41D8E0A91009DDFA8 /* NASecretBoxTest.m */; };
		006246C01D8E0A91009DDFA8 /* NASecureDataTest.m in Sources */ = {isa = PBXBuildFile; fileRef = 006246B51D8E0A91009DDFA8 /* NASecureDataTest.m */; };
		006246C11D8E0A91009DDFA8 /* NAStreamTest.m in Sources */ = {isa = PBXBuildFile; fileRef = 006246B61D8E0A91009DDFA8 /* NAStreamTest.m */; };
		006246C21D8E0A91009DDFA8 /* NATestUtils.m in Sources */ = {isa = PBXBuildFile; fileRef = 006246B81D8E0A91009DDFA8 /* NATestUtils.m */; };
		006246C31D8E0A97009DDFA8 /* NAAEADTest.m in Sources */ = {isa = PBXBuildFile; fileRef = 006246AE1D8E0A91009DDFA8 /* NAAEADTest.m */; };
		006246C41D8E0A97009DDFA8 /* NAAuthTest.m in Sources */ = {isa = PBXBuildFile; fileRef = 006246AF1D8E0A91009DDFA8 /* NAAuthTest.m */; };
		006246C51D8E0A97009DDFA8 /* NABoxTest.m in Sources */ = {isa = PBXBuildFile; fileRef = 006246B01D8E0A91009DDFA8 /* NABoxTest.m */; };
		006246C61D8E0A97009DDFA8 /* NAOneTimeAuthTest.m in Sources */ = {isa = PBXBuildFile; fileRef = 006246B11D8E0A91009DDFA8 /* NAOneTimeAuthTest.m */; };
		006246C71D8E0A97009DDFA8 /* NARandomTest.m in Sources */ = {isa = PBXBuildFile; fileRef = 006246B21D8E0A91009DDFA8 /* NARandomTest.m */; };
		006246C81D8E0A97009DDFA8 /* NAScryptTest.m in Sources */ = {isa = PBXBuildFile; fileRef = 006246B31D8E0A91009DDFA8 /* NAScryptTest.m */; };
		006246C91D8E0A97009DDFA8 /* NASecretBoxTest.m in Sources */ = {isa = PBXBuildFile; fileRef = 006246B41D8E0A91009DDFA8 /* NASecretBoxTest.m */; };
		006246CA1D8E0A97009DDFA8 /* NASecureDataTest.m in Sources */ = {isa = PBXBuildFile; fileRef = 006246B51D8E0A91009DDFA8 /* NASecureDataTest.m */; };
		006246CB1D8E0A98009DDFA8 /* NAStreamTest.m in Sources */ = {isa = PBXBuildFile; fileRef = 006246B61D8E0A91009DDFA8 /* NAStreamTest.m */; };
		006246CC1D8E0A98009DDFA8 /* NATestUtils.m in Sources */ = {isa = PBXBuildFile; fileRef = 006246B81D8E0A91009DDFA8 /* NATestUtils.m */; };
		28F47B575D172E2F519611B9 /* libPods-NAChloride.a in Frameworks */ = {isa = PBXBuildFile; fileRef = 24AC631A38B26C437788F9CF /* libPods-NAChloride.a */; };
		A0C2E379BFF33AAC053EDEF8 /* libPods-NAChloride iOS.a in Frameworks */ = {isa = PBXBuildFile; fileRef = D76DBF3B3185FE97082520C3 /* libPods-NAChloride iOS.a */; };
/* End PBXBuildFile section */

/* Begin PBXContainerItemProxy section */
		0062460B1D8E0899009DDFA8 /* PBXContainerItemProxy */ = {
			isa = PBXContainerItemProxy;
			containerPortal = 006245F71D8E0899009DDFA8 /* Project object */;
			proxyType = 1;
			remoteGlobalIDString = 006245FF1D8E0899009DDFA8;
			remoteInfo = NAChloride;
		};
		0062466B1D8E0963009DDFA8 /* PBXContainerItemProxy */ = {
			isa = PBXContainerItemProxy;
			containerPortal = 006245F71D8E0899009DDFA8 /* Project object */;
			proxyType = 1;
			remoteGlobalIDString = 006246601D8E0962009DDFA8;
			remoteInfo = "NAChloride iOS";
		};
/* End PBXContainerItemProxy section */

/* Begin PBXFileReference section */
		003E12511D8E0C4A006E9B1D /* NAChloride.podspec */ = {isa = PBXFileReference; fileEncoding = 4; lastKnownFileType = text; path = NAChloride.podspec; sourceTree = "<group>"; };
		003E12521D8E0C4A006E9B1D /* Podfile */ = {isa = PBXFileReference; fileEncoding = 4; lastKnownFileType = text; path = Podfile; sourceTree = "<group>"; xcLanguageSpecificationIdentifier = xcode.lang.ruby; };
		006246001D8E0899009DDFA8 /* NAChloride.framework */ = {isa = PBXFileReference; explicitFileType = wrapper.framework; includeInIndex = 0; path = NAChloride.framework; sourceTree = BUILT_PRODUCTS_DIR; };
		006246031D8E0899009DDFA8 /* NAChloride.h */ = {isa = PBXFileReference; lastKnownFileType = sourcecode.c.h; path = NAChloride.h; sourceTree = "<group>"; };
		006246041D8E0899009DDFA8 /* Info.plist */ = {isa = PBXFileReference; lastKnownFileType = text.plist.xml; path = Info.plist; sourceTree = "<group>"; };
		006246091D8E0899009DDFA8 /* NAChlorideTests.xctest */ = {isa = PBXFileReference; explicitFileType = wrapper.cfbundle; includeInIndex = 0; path = NAChlorideTests.xctest; sourceTree = BUILT_PRODUCTS_DIR; };
		006246101D8E0899009DDFA8 /* Info.plist */ = {isa = PBXFileReference; lastKnownFileType = text.plist.xml; path = Info.plist; sourceTree = "<group>"; };
		0062461A1D8E08F3009DDFA8 /* NAAEAD.h */ = {isa = PBXFileReference; fileEncoding = 4; lastKnownFileType = sourcecode.c.h; path = NAAEAD.h; sourceTree = "<group>"; };
		0062461B1D8E08F3009DDFA8 /* NAAEAD.m */ = {isa = PBXFileReference; fileEncoding = 4; lastKnownFileType = sourcecode.c.objc; path = NAAEAD.m; sourceTree = "<group>"; };
		0062461C1D8E08F3009DDFA8 /* NAAuth.h */ = {isa = PBXFileReference; fileEncoding = 4; lastKnownFileType = sourcecode.c.h; path = NAAuth.h; sourceTree = "<group>"; };
		0062461D1D8E08F3009DDFA8 /* NAAuth.m */ = {isa = PBXFileReference; fileEncoding = 4; lastKnownFileType = sourcecode.c.objc; path = NAAuth.m; sourceTree = "<group>"; };
		0062461E1D8E08F3009DDFA8 /* NABox.h */ = {isa = PBXFileReference; fileEncoding = 4; lastKnownFileType = sourcecode.c.h; path = NABox.h; sourceTree = "<group>"; };
		0062461F1D8E08F3009DDFA8 /* NABox.m */ = {isa = PBXFileReference; fileEncoding = 4; lastKnownFileType = sourcecode.c.objc; path = NABox.m; sourceTree = "<group>"; };
		006246201D8E08F3009DDFA8 /* NABoxKeypair.h */ = {isa = PBXFileReference; fileEncoding = 4; lastKnownFileType = sourcecode.c.h; path = NABoxKeypair.h; sourceTree = "<group>"; };
		006246211D8E08F3009DDFA8 /* NABoxKeypair.m */ = {isa = PBXFileReference; fileEncoding = 4; lastKnownFileType = sourcecode.c.objc; path = NABoxKeypair.m; sourceTree = "<group>"; };
		006246221D8E08F3009DDFA8 /* NAInterface.h */ = {isa = PBXFileReference; fileEncoding = 4; lastKnownFileType = sourcecode.c.h; path = NAInterface.h; sourceTree = "<group>"; };
		006246231D8E08F3009DDFA8 /* NAInterface.m */ = {isa = PBXFileReference; fileEncoding = 4; lastKnownFileType = sourcecode.c.objc; path = NAInterface.m; sourceTree = "<group>"; };
		006246241D8E08F3009DDFA8 /* NAOneTimeAuth.h */ = {isa = PBXFileReference; fileEncoding = 4; lastKnownFileType = sourcecode.c.h; path = NAOneTimeAuth.h; sourceTree = "<group>"; };
		006246251D8E08F3009DDFA8 /* NAOneTimeAuth.m */ = {isa = PBXFileReference; fileEncoding = 4; lastKnownFileType = sourcecode.c.objc; path = NAOneTimeAuth.m; sourceTree = "<group>"; };
		006246261D8E08F3009DDFA8 /* NARandom.h */ = {isa = PBXFileReference; fileEncoding = 4; lastKnownFileType = sourcecode.c.h; path = NARandom.h; sourceTree = "<group>"; };
		006246271D8E08F3009DDFA8 /* NARandom.m */ = {isa = PBXFileReference; fileEncoding = 4; lastKnownFileType = sourcecode.c.objc; path = NARandom.m; sourceTree = "<group>"; };
		006246281D8E08F3009DDFA8 /* NAScrypt.h */ = {isa = PBXFileReference; fileEncoding = 4; lastKnownFileType = sourcecode.c.h; path = NAScrypt.h; sourceTree = "<group>"; };
		006246291D8E08F3009DDFA8 /* NAScrypt.m */ = {isa = PBXFileReference; fileEncoding = 4; lastKnownFileType = sourcecode.c.objc; path = NAScrypt.m; sourceTree = "<group>"; };
		0062462A1D8E08F3009DDFA8 /* NASecretBox.h */ = {isa = PBXFileReference; fileEncoding = 4; lastKnownFileType = sourcecode.c.h; path = NASecretBox.h; sourceTree = "<group>"; };
		0062462B1D8E08F3009DDFA8 /* NASecretBox.m */ = {isa = PBXFileReference; fileEncoding = 4; lastKnownFileType = sourcecode.c.objc; path = NASecretBox.m; sourceTree = "<group>"; };
		0062462C1D8E08F3009DDFA8 /* NASecureData.h */ = {isa = PBXFileReference; fileEncoding = 4; lastKnownFileType = sourcecode.c.h; path = NASecureData.h; sourceTree = "<group>"; };
		0062462D1D8E08F3009DDFA8 /* NASecureData.m */ = {isa = PBXFileReference; fileEncoding = 4; lastKnownFileType = sourcecode.c.objc; path = NASecureData.m; sourceTree = "<group>"; };
		0062462E1D8E08F3009DDFA8 /* NAStream.h */ = {isa = PBXFileReference; fileEncoding = 4; lastKnownFileType = sourcecode.c.h; path = NAStream.h; sourceTree = "<group>"; };
		0062462F1D8E08F3009DDFA8 /* NAStream.m */ = {isa = PBXFileReference; fileEncoding = 4; lastKnownFileType = sourcecode.c.objc; path = NAStream.m; sourceTree = "<group>"; };
		006246611D8E0962009DDFA8 /* NAChloride.framework */ = {isa = PBXFileReference; explicitFileType = wrapper.framework; includeInIndex = 0; path = NAChloride.framework; sourceTree = BUILT_PRODUCTS_DIR; };
		006246641D8E0962009DDFA8 /* Info.plist */ = {isa = PBXFileReference; lastKnownFileType = text.plist.xml; path = Info.plist; sourceTree = "<group>"; };
		006246691D8E0963009DDFA8 /* NAChloride iOSTests.xctest */ = {isa = PBXFileReference; explicitFileType = wrapper.cfbundle; includeInIndex = 0; path = "NAChloride iOSTests.xctest"; sourceTree = BUILT_PRODUCTS_DIR; };
		006246701D8E0963009DDFA8 /* Info.plist */ = {isa = PBXFileReference; lastKnownFileType = text.plist.xml; path = Info.plist; sourceTree = "<group>"; };
		006246AE1D8E0A91009DDFA8 /* NAAEADTest.m */ = {isa = PBXFileReference; fileEncoding = 4; lastKnownFileType = sourcecode.c.objc; path = NAAEADTest.m; sourceTree = "<group>"; };
		006246AF1D8E0A91009DDFA8 /* NAAuthTest.m */ = {isa = PBXFileReference; fileEncoding = 4; lastKnownFileType = sourcecode.c.objc; path = NAAuthTest.m; sourceTree = "<group>"; };
		006246B01D8E0A91009DDFA8 /* NABoxTest.m */ = {isa = PBXFileReference; fileEncoding = 4; lastKnownFileType = sourcecode.c.objc; path = NABoxTest.m; sourceTree = "<group>"; };
		006246B11D8E0A91009DDFA8 /* NAOneTimeAuthTest.m */ = {isa = PBXFileReference; fileEncoding = 4; lastKnownFileType = sourcecode.c.objc; path = NAOneTimeAuthTest.m; sourceTree = "<group>"; };
		006246B21D8E0A91009DDFA8 /* NARandomTest.m */ = {isa = PBXFileReference; fileEncoding = 4; lastKnownFileType = sourcecode.c.objc; path = NARandomTest.m; sourceTree = "<group>"; };
		006246B31D8E0A91009DDFA8 /* NAScryptTest.m */ = {isa = PBXFileReference; fileEncoding = 4; lastKnownFileType = sourcecode.c.objc; path = NAScryptTest.m; sourceTree = "<group>"; };
		006246B41D8E0A91009DDFA8 /* NASecretBoxTest.m */ = {isa = PBXFileReference; fileEncoding = 4; lastKnownFileType = sourcecode.c.objc; path = NASecretBoxTest.m; sourceTree = "<group>"; };
		006246B51D8E0A91009DDFA8 /* NASecureDataTest.m */ = {isa = PBXFileReference; fileEncoding = 4; lastKnownFileType = sourcecode.c.objc; path = NASecureDataTest.m; sourceTree = "<group>"; };
		006246B61D8E0A91009DDFA8 /* NAStreamTest.m */ = {isa = PBXFileReference; fileEncoding = 4; lastKnownFileType = sourcecode.c.objc; path = NAStreamTest.m; sourceTree = "<group>"; };
		006246B71D8E0A91009DDFA8 /* NATestUtils.h */ = {isa = PBXFileReference; fileEncoding = 4; lastKnownFileType = sourcecode.c.h; path = NATestUtils.h; sourceTree = "<group>"; };
		006246B81D8E0A91009DDFA8 /* NATestUtils.m */ = {isa = PBXFileReference; fileEncoding = 4; lastKnownFileType = sourcecode.c.objc; path = NATestUtils.m; sourceTree = "<group>"; };
		128CC132836A8F5E63B7BAB3 /* Pods-NAChloride iOS.release.xcconfig */ = {isa = PBXFileReference; includeInIndex = 1; lastKnownFileType = text.xcconfig; name = "Pods-NAChloride iOS.release.xcconfig"; path = "Pods/Target Support Files/Pods-NAChloride iOS/Pods-NAChloride iOS.release.xcconfig"; sourceTree = "<group>"; };
		1B59426D6493C3077011679C /* Pods-NAChloride.release.xcconfig */ = {isa = PBXFileReference; includeInIndex = 1; lastKnownFileType = text.xcconfig; name = "Pods-NAChloride.release.xcconfig"; path = "Pods/Target Support Files/Pods-NAChloride/Pods-NAChloride.release.xcconfig"; sourceTree = "<group>"; };
		24AC631A38B26C437788F9CF /* libPods-NAChloride.a */ = {isa = PBXFileReference; explicitFileType = archive.ar; includeInIndex = 0; path = "libPods-NAChloride.a"; sourceTree = BUILT_PRODUCTS_DIR; };
		2E3435018D050FD3BF6BC015 /* Pods-NAChloride.debug.xcconfig */ = {isa = PBXFileReference; includeInIndex = 1; lastKnownFileType = text.xcconfig; name = "Pods-NAChloride.debug.xcconfig"; path = "Pods/Target Support Files/Pods-NAChloride/Pods-NAChloride.debug.xcconfig"; sourceTree = "<group>"; };
		D324E5DAA51F1E681F9BD03E /* Pods-NAChloride iOS.debug.xcconfig */ = {isa = PBXFileReference; includeInIndex = 1; lastKnownFileType = text.xcconfig; name = "Pods-NAChloride iOS.debug.xcconfig"; path = "Pods/Target Support Files/Pods-NAChloride iOS/Pods-NAChloride iOS.debug.xcconfig"; sourceTree = "<group>"; };
		D76DBF3B3185FE97082520C3 /* libPods-NAChloride iOS.a */ = {isa = PBXFileReference; explicitFileType = archive.ar; includeInIndex = 0; path = "libPods-NAChloride iOS.a"; sourceTree = BUILT_PRODUCTS_DIR; };
/* End PBXFileReference section */

/* Begin PBXFrameworksBuildPhase section */
		006245FC1D8E0899009DDFA8 /* Frameworks */ = {
			isa = PBXFrameworksBuildPhase;
			buildActionMask = 2147483647;
			files = (
				28F47B575D172E2F519611B9 /* libPods-NAChloride.a in Frameworks */,
			);
			runOnlyForDeploymentPostprocessing = 0;
		};
		006246061D8E0899009DDFA8 /* Frameworks */ = {
			isa = PBXFrameworksBuildPhase;
			buildActionMask = 2147483647;
			files = (
				0062460A1D8E0899009DDFA8 /* NAChloride.framework in Frameworks */,
			);
			runOnlyForDeploymentPostprocessing = 0;
		};
		0062465D1D8E0962009DDFA8 /* Frameworks */ = {
			isa = PBXFrameworksBuildPhase;
			buildActionMask = 2147483647;
			files = (
				A0C2E379BFF33AAC053EDEF8 /* libPods-NAChloride iOS.a in Frameworks */,
			);
			runOnlyForDeploymentPostprocessing = 0;
		};
		006246661D8E0963009DDFA8 /* Frameworks */ = {
			isa = PBXFrameworksBuildPhase;
			buildActionMask = 2147483647;
			files = (
				0062466A1D8E0963009DDFA8 /* NAChloride.framework in Frameworks */,
			);
			runOnlyForDeploymentPostprocessing = 0;
		};
/* End PBXFrameworksBuildPhase section */

/* Begin PBXGroup section */
		006245F61D8E0899009DDFA8 = {
			isa = PBXGroup;
			children = (
				003E12511D8E0C4A006E9B1D /* NAChloride.podspec */,
				003E12521D8E0C4A006E9B1D /* Podfile */,
				006246021D8E0899009DDFA8 /* NAChloride */,
				0062460D1D8E0899009DDFA8 /* NAChlorideTests */,
				006246621D8E0962009DDFA8 /* NAChloride iOS */,
				0062466D1D8E0963009DDFA8 /* NAChloride iOSTests */,
				006246011D8E0899009DDFA8 /* Products */,
				D38C3AC7D4EF8F2D83985986 /* Pods */,
				DABCEB6BB568ED2E4BC7FF9F /* Frameworks */,
			);
			sourceTree = "<group>";
		};
		006246011D8E0899009DDFA8 /* Products */ = {
			isa = PBXGroup;
			children = (
				006246001D8E0899009DDFA8 /* NAChloride.framework */,
				006246091D8E0899009DDFA8 /* NAChlorideTests.xctest */,
				006246611D8E0962009DDFA8 /* NAChloride.framework */,
				006246691D8E0963009DDFA8 /* NAChloride iOSTests.xctest */,
			);
			name = Products;
			sourceTree = "<group>";
		};
		006246021D8E0899009DDFA8 /* NAChloride */ = {
			isa = PBXGroup;
			children = (
				006246031D8E0899009DDFA8 /* NAChloride.h */,
				0062461A1D8E08F3009DDFA8 /* NAAEAD.h */,
				0062461B1D8E08F3009DDFA8 /* NAAEAD.m */,
				0062461C1D8E08F3009DDFA8 /* NAAuth.h */,
				0062461D1D8E08F3009DDFA8 /* NAAuth.m */,
				0062461E1D8E08F3009DDFA8 /* NABox.h */,
				0062461F1D8E08F3009DDFA8 /* NABox.m */,
				006246201D8E08F3009DDFA8 /* NABoxKeypair.h */,
				006246211D8E08F3009DDFA8 /* NABoxKeypair.m */,
				006246221D8E08F3009DDFA8 /* NAInterface.h */,
				006246231D8E08F3009DDFA8 /* NAInterface.m */,
				006246241D8E08F3009DDFA8 /* NAOneTimeAuth.h */,
				006246251D8E08F3009DDFA8 /* NAOneTimeAuth.m */,
				006246261D8E08F3009DDFA8 /* NARandom.h */,
				006246271D8E08F3009DDFA8 /* NARandom.m */,
				006246281D8E08F3009DDFA8 /* NAScrypt.h */,
				006246291D8E08F3009DDFA8 /* NAScrypt.m */,
				0062462A1D8E08F3009DDFA8 /* NASecretBox.h */,
				0062462B1D8E08F3009DDFA8 /* NASecretBox.m */,
				0062462C1D8E08F3009DDFA8 /* NASecureData.h */,
				0062462D1D8E08F3009DDFA8 /* NASecureData.m */,
				0062462E1D8E08F3009DDFA8 /* NAStream.h */,
				0062462F1D8E08F3009DDFA8 /* NAStream.m */,
				006246041D8E0899009DDFA8 /* Info.plist */,
			);
			path = NAChloride;
			sourceTree = "<group>";
		};
		0062460D1D8E0899009DDFA8 /* NAChlorideTests */ = {
			isa = PBXGroup;
			children = (
				006246AE1D8E0A91009DDFA8 /* NAAEADTest.m */,
				006246AF1D8E0A91009DDFA8 /* NAAuthTest.m */,
				006246B01D8E0A91009DDFA8 /* NABoxTest.m */,
				006246B11D8E0A91009DDFA8 /* NAOneTimeAuthTest.m */,
				006246B21D8E0A91009DDFA8 /* NARandomTest.m */,
				006246B31D8E0A91009DDFA8 /* NAScryptTest.m */,
				006246B41D8E0A91009DDFA8 /* NASecretBoxTest.m */,
				006246B51D8E0A91009DDFA8 /* NASecureDataTest.m */,
				006246B61D8E0A91009DDFA8 /* NAStreamTest.m */,
				006246B71D8E0A91009DDFA8 /* NATestUtils.h */,
				006246B81D8E0A91009DDFA8 /* NATestUtils.m */,
				006246101D8E0899009DDFA8 /* Info.plist */,
			);
			path = NAChlorideTests;
			sourceTree = "<group>";
		};
		006246621D8E0962009DDFA8 /* NAChloride iOS */ = {
			isa = PBXGroup;
			children = (
				006246641D8E0962009DDFA8 /* Info.plist */,
			);
			path = "NAChloride iOS";
			sourceTree = "<group>";
		};
		0062466D1D8E0963009DDFA8 /* NAChloride iOSTests */ = {
			isa = PBXGroup;
			children = (
				006246701D8E0963009DDFA8 /* Info.plist */,
			);
			path = "NAChloride iOSTests";
			sourceTree = "<group>";
		};
		D38C3AC7D4EF8F2D83985986 /* Pods */ = {
			isa = PBXGroup;
			children = (
				2E3435018D050FD3BF6BC015 /* Pods-NAChloride.debug.xcconfig */,
				1B59426D6493C3077011679C /* Pods-NAChloride.release.xcconfig */,
				D324E5DAA51F1E681F9BD03E /* Pods-NAChloride iOS.debug.xcconfig */,
				128CC132836A8F5E63B7BAB3 /* Pods-NAChloride iOS.release.xcconfig */,
			);
			name = Pods;
			sourceTree = "<group>";
		};
		DABCEB6BB568ED2E4BC7FF9F /* Frameworks */ = {
			isa = PBXGroup;
			children = (
				24AC631A38B26C437788F9CF /* libPods-NAChloride.a */,
				D76DBF3B3185FE97082520C3 /* libPods-NAChloride iOS.a */,
			);
			name = Frameworks;
			sourceTree = "<group>";
		};
/* End PBXGroup section */

/* Begin PBXHeadersBuildPhase section */
		006245FD1D8E0899009DDFA8 /* Headers */ = {
			isa = PBXHeadersBuildPhase;
			buildActionMask = 2147483647;
			files = (
				0062463C1D8E08F3009DDFA8 /* NARandom.h in Headers */,
				006246301D8E08F3009DDFA8 /* NAAEAD.h in Headers */,
				006246381D8E08F3009DDFA8 /* NAInterface.h in Headers */,
				006246441D8E08F3009DDFA8 /* NAStream.h in Headers */,
				006246421D8E08F3009DDFA8 /* NASecureData.h in Headers */,
				006246401D8E08F3009DDFA8 /* NASecretBox.h in Headers */,
				0062463E1D8E08F3009DDFA8 /* NAScrypt.h in Headers */,
				006246341D8E08F3009DDFA8 /* NABox.h in Headers */,
				006246361D8E08F3009DDFA8 /* NABoxKeypair.h in Headers */,
				006246321D8E08F3009DDFA8 /* NAAuth.h in Headers */,
				0062463A1D8E08F3009DDFA8 /* NAOneTimeAuth.h in Headers */,
				006246111D8E0899009DDFA8 /* NAChloride.h in Headers */,
			);
			runOnlyForDeploymentPostprocessing = 0;
		};
		0062465E1D8E0962009DDFA8 /* Headers */ = {
			isa = PBXHeadersBuildPhase;
			buildActionMask = 2147483647;
			files = (
				0062468B1D8E097C009DDFA8 /* NASecureData.h in Headers */,
				0062467F1D8E097C009DDFA8 /* NABoxKeypair.h in Headers */,
				006246791D8E097C009DDFA8 /* NAAEAD.h in Headers */,
				006246811D8E097C009DDFA8 /* NAInterface.h in Headers */,
				006246871D8E097C009DDFA8 /* NAScrypt.h in Headers */,
				006246781D8E097C009DDFA8 /* NAChloride.h in Headers */,
				0062467D1D8E097C009DDFA8 /* NABox.h in Headers */,
				0062467B1D8E097C009DDFA8 /* NAAuth.h in Headers */,
				006246831D8E097C009DDFA8 /* NAOneTimeAuth.h in Headers */,
				0062468D1D8E097C009DDFA8 /* NAStream.h in Headers */,
				006246851D8E097C009DDFA8 /* NARandom.h in Headers */,
				006246891D8E097C009DDFA8 /* NASecretBox.h in Headers */,
			);
			runOnlyForDeploymentPostprocessing = 0;
		};
/* End PBXHeadersBuildPhase section */

/* Begin PBXNativeTarget section */
		006245FF1D8E0899009DDFA8 /* NAChloride */ = {
			isa = PBXNativeTarget;
			buildConfigurationList = 006246141D8E0899009DDFA8 /* Build configuration list for PBXNativeTarget "NAChloride" */;
			buildPhases = (
				0166108566C994F9E1DD2713 /* [CP] Check Pods Manifest.lock */,
				006245FB1D8E0899009DDFA8 /* Sources */,
				006245FC1D8E0899009DDFA8 /* Frameworks */,
				006245FD1D8E0899009DDFA8 /* Headers */,
				006245FE1D8E0899009DDFA8 /* Resources */,
				2B5CB7A81300F028BDD68CF6 /* [CP] Copy Pods Resources */,
			);
			buildRules = (
			);
			dependencies = (
			);
			name = NAChloride;
			productName = NAChloride;
			productReference = 006246001D8E0899009DDFA8 /* NAChloride.framework */;
			productType = "com.apple.product-type.framework";
		};
		006246081D8E0899009DDFA8 /* NAChlorideTests */ = {
			isa = PBXNativeTarget;
			buildConfigurationList = 006246171D8E0899009DDFA8 /* Build configuration list for PBXNativeTarget "NAChlorideTests" */;
			buildPhases = (
				006246051D8E0899009DDFA8 /* Sources */,
				006246061D8E0899009DDFA8 /* Frameworks */,
				006246071D8E0899009DDFA8 /* Resources */,
			);
			buildRules = (
			);
			dependencies = (
				0062460C1D8E0899009DDFA8 /* PBXTargetDependency */,
			);
			name = NAChlorideTests;
			productName = NAChlorideTests;
			productReference = 006246091D8E0899009DDFA8 /* NAChlorideTests.xctest */;
			productType = "com.apple.product-type.bundle.unit-test";
		};
		006246601D8E0962009DDFA8 /* NAChloride iOS */ = {
			isa = PBXNativeTarget;
			buildConfigurationList = 006246761D8E0963009DDFA8 /* Build configuration list for PBXNativeTarget "NAChloride iOS" */;
			buildPhases = (
				661DDCF77CAF387E58AED711 /* [CP] Check Pods Manifest.lock */,
				0062465C1D8E0962009DDFA8 /* Sources */,
				0062465D1D8E0962009DDFA8 /* Frameworks */,
				0062465E1D8E0962009DDFA8 /* Headers */,
				0062465F1D8E0962009DDFA8 /* Resources */,
				AB5732FCA60D53D22F862CC1 /* [CP] Copy Pods Resources */,
			);
			buildRules = (
			);
			dependencies = (
			);
			name = "NAChloride iOS";
			productName = "NAChloride iOS";
			productReference = 006246611D8E0962009DDFA8 /* NAChloride.framework */;
			productType = "com.apple.product-type.framework";
		};
		006246681D8E0963009DDFA8 /* NAChloride iOSTests */ = {
			isa = PBXNativeTarget;
			buildConfigurationList = 006246771D8E0963009DDFA8 /* Build configuration list for PBXNativeTarget "NAChloride iOSTests" */;
			buildPhases = (
				006246651D8E0963009DDFA8 /* Sources */,
				006246661D8E0963009DDFA8 /* Frameworks */,
				006246671D8E0963009DDFA8 /* Resources */,
			);
			buildRules = (
			);
			dependencies = (
				0062466C1D8E0963009DDFA8 /* PBXTargetDependency */,
			);
			name = "NAChloride iOSTests";
			productName = "NAChloride iOSTests";
			productReference = 006246691D8E0963009DDFA8 /* NAChloride iOSTests.xctest */;
			productType = "com.apple.product-type.bundle.unit-test";
		};
/* End PBXNativeTarget section */

/* Begin PBXProject section */
		006245F71D8E0899009DDFA8 /* Project object */ = {
			isa = PBXProject;
			attributes = {
				LastUpgradeCheck = 0800;
				TargetAttributes = {
					006245FF1D8E0899009DDFA8 = {
						CreatedOnToolsVersion = 8.0;
						ProvisioningStyle = Automatic;
					};
					006246081D8E0899009DDFA8 = {
						CreatedOnToolsVersion = 8.0;
						ProvisioningStyle = Automatic;
					};
					006246601D8E0962009DDFA8 = {
						CreatedOnToolsVersion = 8.0;
						ProvisioningStyle = Automatic;
					};
					006246681D8E0963009DDFA8 = {
						CreatedOnToolsVersion = 8.0;
						ProvisioningStyle = Automatic;
					};
				};
			};
			buildConfigurationList = 006245FA1D8E0899009DDFA8 /* Build configuration list for PBXProject "NAChloride" */;
			compatibilityVersion = "Xcode 3.2";
			developmentRegion = English;
			hasScannedForEncodings = 0;
			knownRegions = (
				en,
			);
			mainGroup = 006245F61D8E0899009DDFA8;
			productRefGroup = 006246011D8E0899009DDFA8 /* Products */;
			projectDirPath = "";
			projectRoot = "";
			targets = (
				006245FF1D8E0899009DDFA8 /* NAChloride */,
				006246081D8E0899009DDFA8 /* NAChlorideTests */,
				006246601D8E0962009DDFA8 /* NAChloride iOS */,
				006246681D8E0963009DDFA8 /* NAChloride iOSTests */,
			);
		};
/* End PBXProject section */

/* Begin PBXResourcesBuildPhase section */
		006245FE1D8E0899009DDFA8 /* Resources */ = {
			isa = PBXResourcesBuildPhase;
			buildActionMask = 2147483647;
			files = (
			);
			runOnlyForDeploymentPostprocessing = 0;
		};
		006246071D8E0899009DDFA8 /* Resources */ = {
			isa = PBXResourcesBuildPhase;
			buildActionMask = 2147483647;
			files = (
			);
			runOnlyForDeploymentPostprocessing = 0;
		};
		0062465F1D8E0962009DDFA8 /* Resources */ = {
			isa = PBXResourcesBuildPhase;
			buildActionMask = 2147483647;
			files = (
			);
			runOnlyForDeploymentPostprocessing = 0;
		};
		006246671D8E0963009DDFA8 /* Resources */ = {
			isa = PBXResourcesBuildPhase;
			buildActionMask = 2147483647;
			files = (
			);
			runOnlyForDeploymentPostprocessing = 0;
		};
/* End PBXResourcesBuildPhase section */

/* Begin PBXShellScriptBuildPhase section */
		0166108566C994F9E1DD2713 /* [CP] Check Pods Manifest.lock */ = {
			isa = PBXShellScriptBuildPhase;
			buildActionMask = 2147483647;
			files = (
			);
			inputPaths = (
			);
			name = "[CP] Check Pods Manifest.lock";
			outputPaths = (
			);
			runOnlyForDeploymentPostprocessing = 0;
			shellPath = /bin/sh;
			shellScript = "diff \"${PODS_ROOT}/../Podfile.lock\" \"${PODS_ROOT}/Manifest.lock\" > /dev/null\nif [ $? != 0 ] ; then\n    # print error to STDERR\n    echo \"error: The sandbox is not in sync with the Podfile.lock. Run 'pod install' or update your CocoaPods installation.\" >&2\n    exit 1\nfi\n";
			showEnvVarsInLog = 0;
		};
		2B5CB7A81300F028BDD68CF6 /* [CP] Copy Pods Resources */ = {
			isa = PBXShellScriptBuildPhase;
			buildActionMask = 2147483647;
			files = (
			);
			inputPaths = (
			);
			name = "[CP] Copy Pods Resources";
			outputPaths = (
			);
			runOnlyForDeploymentPostprocessing = 0;
			shellPath = /bin/sh;
			shellScript = "\"${SRCROOT}/Pods/Target Support Files/Pods-NAChloride/Pods-NAChloride-resources.sh\"\n";
			showEnvVarsInLog = 0;
		};
		661DDCF77CAF387E58AED711 /* [CP] Check Pods Manifest.lock */ = {
			isa = PBXShellScriptBuildPhase;
			buildActionMask = 2147483647;
			files = (
			);
			inputPaths = (
			);
			name = "[CP] Check Pods Manifest.lock";
			outputPaths = (
			);
			runOnlyForDeploymentPostprocessing = 0;
			shellPath = /bin/sh;
			shellScript = "diff \"${PODS_ROOT}/../Podfile.lock\" \"${PODS_ROOT}/Manifest.lock\" > /dev/null\nif [ $? != 0 ] ; then\n    # print error to STDERR\n    echo \"error: The sandbox is not in sync with the Podfile.lock. Run 'pod install' or update your CocoaPods installation.\" >&2\n    exit 1\nfi\n";
			showEnvVarsInLog = 0;
		};
		AB5732FCA60D53D22F862CC1 /* [CP] Copy Pods Resources */ = {
			isa = PBXShellScriptBuildPhase;
			buildActionMask = 2147483647;
			files = (
			);
			inputPaths = (
			);
			name = "[CP] Copy Pods Resources";
			outputPaths = (
			);
			runOnlyForDeploymentPostprocessing = 0;
			shellPath = /bin/sh;
			shellScript = "\"${SRCROOT}/Pods/Target Support Files/Pods-NAChloride iOS/Pods-NAChloride iOS-resources.sh\"\n";
			showEnvVarsInLog = 0;
		};
/* End PBXShellScriptBuildPhase section */

/* Begin PBXSourcesBuildPhase section */
		006245FB1D8E0899009DDFA8 /* Sources */ = {
			isa = PBXSourcesBuildPhase;
			buildActionMask = 2147483647;
			files = (
				006246351D8E08F3009DDFA8 /* NABox.m in Sources */,
				006246431D8E08F3009DDFA8 /* NASecureData.m in Sources */,
				006246451D8E08F3009DDFA8 /* NAStream.m in Sources */,
				0062463F1D8E08F3009DDFA8 /* NAScrypt.m in Sources */,
				006246391D8E08F3009DDFA8 /* NAInterface.m in Sources */,
				006246411D8E08F3009DDFA8 /* NASecretBox.m in Sources */,
				006246331D8E08F3009DDFA8 /* NAAuth.m in Sources */,
				006246371D8E08F3009DDFA8 /* NABoxKeypair.m in Sources */,
				0062463B1D8E08F3009DDFA8 /* NAOneTimeAuth.m in Sources */,
				006246311D8E08F3009DDFA8 /* NAAEAD.m in Sources */,
				0062463D1D8E08F3009DDFA8 /* NARandom.m in Sources */,
			);
			runOnlyForDeploymentPostprocessing = 0;
		};
		006246051D8E0899009DDFA8 /* Sources */ = {
			isa = PBXSourcesBuildPhase;
			buildActionMask = 2147483647;
			files = (
				006246BD1D8E0A91009DDFA8 /* NARandomTest.m in Sources */,
				006246BC1D8E0A91009DDFA8 /* NAOneTimeAuthTest.m in Sources */,
				006246BB1D8E0A91009DDFA8 /* NABoxTest.m in Sources */,
				006246BE1D8E0A91009DDFA8 /* NAScryptTest.m in Sources */,
				006246BA1D8E0A91009DDFA8 /* NAAuthTest.m in Sources */,
				006246C01D8E0A91009DDFA8 /* NASecureDataTest.m in Sources */,
				006246BF1D8E0A91009DDFA8 /* NASecretBoxTest.m in Sources */,
				006246C11D8E0A91009DDFA8 /* NAStreamTest.m in Sources */,
				006246C21D8E0A91009DDFA8 /* NATestUtils.m in Sources */,
				006246B91D8E0A91009DDFA8 /* NAAEADTest.m in Sources */,
			);
			runOnlyForDeploymentPostprocessing = 0;
		};
		0062465C1D8E0962009DDFA8 /* Sources */ = {
			isa = PBXSourcesBuildPhase;
			buildActionMask = 2147483647;
			files = (
				0062467E1D8E097C009DDFA8 /* NABox.m in Sources */,
				0062468C1D8E097C009DDFA8 /* NASecureData.m in Sources */,
				0062468E1D8E097C009DDFA8 /* NAStream.m in Sources */,
				006246881D8E097C009DDFA8 /* NAScrypt.m in Sources */,
				006246821D8E097C009DDFA8 /* NAInterface.m in Sources */,
				0062468A1D8E097C009DDFA8 /* NASecretBox.m in Sources */,
				0062467C1D8E097C009DDFA8 /* NAAuth.m in Sources */,
				006246801D8E097C009DDFA8 /* NABoxKeypair.m in Sources */,
				006246841D8E097C009DDFA8 /* NAOneTimeAuth.m in Sources */,
				0062467A1D8E097C009DDFA8 /* NAAEAD.m in Sources */,
				006246861D8E097C009DDFA8 /* NARandom.m in Sources */,
			);
			runOnlyForDeploymentPostprocessing = 0;
		};
		006246651D8E0963009DDFA8 /* Sources */ = {
			isa = PBXSourcesBuildPhase;
			buildActionMask = 2147483647;
			files = (
				006246C71D8E0A97009DDFA8 /* NARandomTest.m in Sources */,
				006246C61D8E0A97009DDFA8 /* NAOneTimeAuthTest.m in Sources */,
				006246C51D8E0A97009DDFA8 /* NABoxTest.m in Sources */,
				006246C81D8E0A97009DDFA8 /* NAScryptTest.m in Sources */,
				006246C41D8E0A97009DDFA8 /* NAAuthTest.m in Sources */,
				006246CA1D8E0A97009DDFA8 /* NASecureDataTest.m in Sources */,
				006246C91D8E0A97009DDFA8 /* NASecretBoxTest.m in Sources */,
				006246CB1D8E0A98009DDFA8 /* NAStreamTest.m in Sources */,
				006246CC1D8E0A98009DDFA8 /* NATestUtils.m in Sources */,
				006246C31D8E0A97009DDFA8 /* NAAEADTest.m in Sources */,
			);
			runOnlyForDeploymentPostprocessing = 0;
		};
/* End PBXSourcesBuildPhase section */

/* Begin PBXTargetDependency section */
		0062460C1D8E0899009DDFA8 /* PBXTargetDependency */ = {
			isa = PBXTargetDependency;
			target = 006245FF1D8E0899009DDFA8 /* NAChloride */;
			targetProxy = 0062460B1D8E0899009DDFA8 /* PBXContainerItemProxy */;
		};
		0062466C1D8E0963009DDFA8 /* PBXTargetDependency */ = {
			isa = PBXTargetDependency;
			target = 006246601D8E0962009DDFA8 /* NAChloride iOS */;
			targetProxy = 0062466B1D8E0963009DDFA8 /* PBXContainerItemProxy */;
		};
/* End PBXTargetDependency section */

/* Begin XCBuildConfiguration section */
		006246121D8E0899009DDFA8 /* Debug */ = {
			isa = XCBuildConfiguration;
			buildSettings = {
				ALWAYS_SEARCH_USER_PATHS = NO;
				CLANG_ANALYZER_NONNULL = YES;
				CLANG_CXX_LANGUAGE_STANDARD = "gnu++0x";
				CLANG_CXX_LIBRARY = "libc++";
				CLANG_ENABLE_MODULES = YES;
				CLANG_ENABLE_OBJC_ARC = YES;
				CLANG_WARN_BOOL_CONVERSION = YES;
				CLANG_WARN_CONSTANT_CONVERSION = YES;
				CLANG_WARN_DIRECT_OBJC_ISA_USAGE = YES_ERROR;
				CLANG_WARN_DOCUMENTATION_COMMENTS = YES;
				CLANG_WARN_EMPTY_BODY = YES;
				CLANG_WARN_ENUM_CONVERSION = YES;
				CLANG_WARN_INFINITE_RECURSION = YES;
				CLANG_WARN_INT_CONVERSION = YES;
				CLANG_WARN_OBJC_ROOT_CLASS = YES_ERROR;
				CLANG_WARN_SUSPICIOUS_MOVES = YES;
				CLANG_WARN_UNREACHABLE_CODE = YES;
				CLANG_WARN__DUPLICATE_METHOD_MATCH = YES;
				CODE_SIGN_IDENTITY = "-";
				COPY_PHASE_STRIP = NO;
				CURRENT_PROJECT_VERSION = 1;
				DEBUG_INFORMATION_FORMAT = dwarf;
				ENABLE_STRICT_OBJC_MSGSEND = YES;
				ENABLE_TESTABILITY = YES;
				GCC_C_LANGUAGE_STANDARD = gnu99;
				GCC_DYNAMIC_NO_PIC = NO;
				GCC_NO_COMMON_BLOCKS = YES;
				GCC_OPTIMIZATION_LEVEL = 0;
				GCC_PREPROCESSOR_DEFINITIONS = (
					"DEBUG=1",
					"$(inherited)",
				);
				GCC_WARN_64_TO_32_BIT_CONVERSION = YES;
				GCC_WARN_ABOUT_RETURN_TYPE = YES_ERROR;
				GCC_WARN_UNDECLARED_SELECTOR = YES;
				GCC_WARN_UNINITIALIZED_AUTOS = YES_AGGRESSIVE;
				GCC_WARN_UNUSED_FUNCTION = YES;
				GCC_WARN_UNUSED_VARIABLE = YES;
				MACOSX_DEPLOYMENT_TARGET = 10.11;
				MTL_ENABLE_DEBUG_INFO = YES;
				ONLY_ACTIVE_ARCH = YES;
				SDKROOT = macosx;
				VERSIONING_SYSTEM = "apple-generic";
				VERSION_INFO_PREFIX = "";
			};
			name = Debug;
		};
		006246131D8E0899009DDFA8 /* Release */ = {
			isa = XCBuildConfiguration;
			buildSettings = {
				ALWAYS_SEARCH_USER_PATHS = NO;
				CLANG_ANALYZER_NONNULL = YES;
				CLANG_CXX_LANGUAGE_STANDARD = "gnu++0x";
				CLANG_CXX_LIBRARY = "libc++";
				CLANG_ENABLE_MODULES = YES;
				CLANG_ENABLE_OBJC_ARC = YES;
				CLANG_WARN_BOOL_CONVERSION = YES;
				CLANG_WARN_CONSTANT_CONVERSION = YES;
				CLANG_WARN_DIRECT_OBJC_ISA_USAGE = YES_ERROR;
				CLANG_WARN_DOCUMENTATION_COMMENTS = YES;
				CLANG_WARN_EMPTY_BODY = YES;
				CLANG_WARN_ENUM_CONVERSION = YES;
				CLANG_WARN_INFINITE_RECURSION = YES;
				CLANG_WARN_INT_CONVERSION = YES;
				CLANG_WARN_OBJC_ROOT_CLASS = YES_ERROR;
				CLANG_WARN_SUSPICIOUS_MOVES = YES;
				CLANG_WARN_UNREACHABLE_CODE = YES;
				CLANG_WARN__DUPLICATE_METHOD_MATCH = YES;
				CODE_SIGN_IDENTITY = "-";
				COPY_PHASE_STRIP = NO;
				CURRENT_PROJECT_VERSION = 1;
				DEBUG_INFORMATION_FORMAT = "dwarf-with-dsym";
				ENABLE_NS_ASSERTIONS = NO;
				ENABLE_STRICT_OBJC_MSGSEND = YES;
				GCC_C_LANGUAGE_STANDARD = gnu99;
				GCC_NO_COMMON_BLOCKS = YES;
				GCC_WARN_64_TO_32_BIT_CONVERSION = YES;
				GCC_WARN_ABOUT_RETURN_TYPE = YES_ERROR;
				GCC_WARN_UNDECLARED_SELECTOR = YES;
				GCC_WARN_UNINITIALIZED_AUTOS = YES_AGGRESSIVE;
				GCC_WARN_UNUSED_FUNCTION = YES;
				GCC_WARN_UNUSED_VARIABLE = YES;
				MACOSX_DEPLOYMENT_TARGET = 10.11;
				MTL_ENABLE_DEBUG_INFO = NO;
				SDKROOT = macosx;
				VERSIONING_SYSTEM = "apple-generic";
				VERSION_INFO_PREFIX = "";
			};
			name = Release;
		};
		006246151D8E0899009DDFA8 /* Debug */ = {
			isa = XCBuildConfiguration;
			baseConfigurationReference = 2E3435018D050FD3BF6BC015 /* Pods-NAChloride.debug.xcconfig */;
			buildSettings = {
				CODE_SIGN_IDENTITY = "";
				COMBINE_HIDPI_IMAGES = YES;
				DEFINES_MODULE = YES;
				DYLIB_COMPATIBILITY_VERSION = 1;
				DYLIB_CURRENT_VERSION = 1;
				DYLIB_INSTALL_NAME_BASE = "@rpath";
				FRAMEWORK_VERSION = A;
				INFOPLIST_FILE = NAChloride/Info.plist;
				INSTALL_PATH = "$(LOCAL_LIBRARY_DIR)/Frameworks";
				LD_RUNPATH_SEARCH_PATHS = "$(inherited) @executable_path/../Frameworks @loader_path/Frameworks";
				PRODUCT_BUNDLE_IDENTIFIER = rel.me.NAChloride;
				PRODUCT_NAME = "$(TARGET_NAME)";
				SKIP_INSTALL = YES;
			};
			name = Debug;
		};
		006246161D8E0899009DDFA8 /* Release */ = {
			isa = XCBuildConfiguration;
			baseConfigurationReference = 1B59426D6493C3077011679C /* Pods-NAChloride.release.xcconfig */;
			buildSettings = {
				CODE_SIGN_IDENTITY = "";
				COMBINE_HIDPI_IMAGES = YES;
				DEFINES_MODULE = YES;
				DYLIB_COMPATIBILITY_VERSION = 1;
				DYLIB_CURRENT_VERSION = 1;
				DYLIB_INSTALL_NAME_BASE = "@rpath";
				FRAMEWORK_VERSION = A;
				INFOPLIST_FILE = NAChloride/Info.plist;
				INSTALL_PATH = "$(LOCAL_LIBRARY_DIR)/Frameworks";
				LD_RUNPATH_SEARCH_PATHS = "$(inherited) @executable_path/../Frameworks @loader_path/Frameworks";
				PRODUCT_BUNDLE_IDENTIFIER = rel.me.NAChloride;
				PRODUCT_NAME = "$(TARGET_NAME)";
				SKIP_INSTALL = YES;
			};
			name = Release;
		};
		006246181D8E0899009DDFA8 /* Debug */ = {
			isa = XCBuildConfiguration;
			buildSettings = {
				COMBINE_HIDPI_IMAGES = YES;
				INFOPLIST_FILE = NAChlorideTests/Info.plist;
				LD_RUNPATH_SEARCH_PATHS = "$(inherited) @executable_path/../Frameworks @loader_path/../Frameworks";
				PRODUCT_BUNDLE_IDENTIFIER = rel.me.NAChlorideTests;
				PRODUCT_NAME = "$(TARGET_NAME)";
			};
			name = Debug;
		};
		006246191D8E0899009DDFA8 /* Release */ = {
			isa = XCBuildConfiguration;
			buildSettings = {
				COMBINE_HIDPI_IMAGES = YES;
				INFOPLIST_FILE = NAChlorideTests/Info.plist;
				LD_RUNPATH_SEARCH_PATHS = "$(inherited) @executable_path/../Frameworks @loader_path/../Frameworks";
				PRODUCT_BUNDLE_IDENTIFIER = rel.me.NAChlorideTests;
				PRODUCT_NAME = "$(TARGET_NAME)";
			};
			name = Release;
		};
		006246721D8E0963009DDFA8 /* Debug */ = {
			isa = XCBuildConfiguration;
			baseConfigurationReference = D324E5DAA51F1E681F9BD03E /* Pods-NAChloride iOS.debug.xcconfig */;
			buildSettings = {
				CODE_SIGN_IDENTITY = "";
				"CODE_SIGN_IDENTITY[sdk=iphoneos*]" = "iPhone Developer";
				DEFINES_MODULE = YES;
				DYLIB_COMPATIBILITY_VERSION = 1;
				DYLIB_CURRENT_VERSION = 1;
				DYLIB_INSTALL_NAME_BASE = "@rpath";
				INFOPLIST_FILE = "NAChloride iOS/Info.plist";
				INSTALL_PATH = "$(LOCAL_LIBRARY_DIR)/Frameworks";
				IPHONEOS_DEPLOYMENT_TARGET = 10.0;
				LD_RUNPATH_SEARCH_PATHS = "$(inherited) @executable_path/Frameworks @loader_path/Frameworks";
				PRODUCT_BUNDLE_IDENTIFIER = "rel.me.NAChloride-iOS";
				PRODUCT_NAME = NAChloride;
				SDKROOT = iphoneos;
				SKIP_INSTALL = YES;
				TARGETED_DEVICE_FAMILY = "1,2";
			};
			name = Debug;
		};
		006246731D8E0963009DDFA8 /* Release */ = {
			isa = XCBuildConfiguration;
			baseConfigurationReference = 128CC132836A8F5E63B7BAB3 /* Pods-NAChloride iOS.release.xcconfig */;
			buildSettings = {
				CODE_SIGN_IDENTITY = "";
				"CODE_SIGN_IDENTITY[sdk=iphoneos*]" = "iPhone Developer";
				DEFINES_MODULE = YES;
				DYLIB_COMPATIBILITY_VERSION = 1;
				DYLIB_CURRENT_VERSION = 1;
				DYLIB_INSTALL_NAME_BASE = "@rpath";
				INFOPLIST_FILE = "NAChloride iOS/Info.plist";
				INSTALL_PATH = "$(LOCAL_LIBRARY_DIR)/Frameworks";
				IPHONEOS_DEPLOYMENT_TARGET = 10.0;
				LD_RUNPATH_SEARCH_PATHS = "$(inherited) @executable_path/Frameworks @loader_path/Frameworks";
				PRODUCT_BUNDLE_IDENTIFIER = "rel.me.NAChloride-iOS";
				PRODUCT_NAME = NAChloride;
				SDKROOT = iphoneos;
				SKIP_INSTALL = YES;
				TARGETED_DEVICE_FAMILY = "1,2";
				VALIDATE_PRODUCT = YES;
			};
			name = Release;
		};
		006246741D8E0963009DDFA8 /* Debug */ = {
			isa = XCBuildConfiguration;
			buildSettings = {
				"CODE_SIGN_IDENTITY[sdk=iphoneos*]" = "iPhone Developer";
				INFOPLIST_FILE = "NAChloride iOSTests/Info.plist";
				IPHONEOS_DEPLOYMENT_TARGET = 10.0;
				LD_RUNPATH_SEARCH_PATHS = "$(inherited) @executable_path/Frameworks @loader_path/Frameworks";
				PRODUCT_BUNDLE_IDENTIFIER = "rel.me.NAChloride-iOSTests";
				PRODUCT_NAME = "$(TARGET_NAME)";
				SDKROOT = iphoneos;
			};
			name = Debug;
		};
		006246751D8E0963009DDFA8 /* Release */ = {
			isa = XCBuildConfiguration;
			buildSettings = {
				"CODE_SIGN_IDENTITY[sdk=iphoneos*]" = "iPhone Developer";
				INFOPLIST_FILE = "NAChloride iOSTests/Info.plist";
				IPHONEOS_DEPLOYMENT_TARGET = 10.0;
				LD_RUNPATH_SEARCH_PATHS = "$(inherited) @executable_path/Frameworks @loader_path/Frameworks";
				PRODUCT_BUNDLE_IDENTIFIER = "rel.me.NAChloride-iOSTests";
				PRODUCT_NAME = "$(TARGET_NAME)";
				SDKROOT = iphoneos;
				VALIDATE_PRODUCT = YES;
			};
			name = Release;
		};
/* End XCBuildConfiguration section */

/* Begin XCConfigurationList section */
		006245FA1D8E0899009DDFA8 /* Build configuration list for PBXProject "NAChloride" */ = {
			isa = XCConfigurationList;
			buildConfigurations = (
				006246121D8E0899009DDFA8 /* Debug */,
				006246131D8E0899009DDFA8 /* Release */,
			);
			defaultConfigurationIsVisible = 0;
			defaultConfigurationName = Release;
		};
		006246141D8E0899009DDFA8 /* Build configuration list for PBXNativeTarget "NAChloride" */ = {
			isa = XCConfigurationList;
			buildConfigurations = (
				006246151D8E0899009DDFA8 /* Debug */,
				006246161D8E0899009DDFA8 /* Release */,
			);
			defaultConfigurationIsVisible = 0;
			defaultConfigurationName = Release;
		};
		006246171D8E0899009DDFA8 /* Build configuration list for PBXNativeTarget "NAChlorideTests" */ = {
			isa = XCConfigurationList;
			buildConfigurations = (
				006246181D8E0899009DDFA8 /* Debug */,
				006246191D8E0899009DDFA8 /* Release */,
			);
			defaultConfigurationIsVisible = 0;
			defaultConfigurationName = Release;
		};
		006246761D8E0963009DDFA8 /* Build configuration list for PBXNativeTarget "NAChloride iOS" */ = {
			isa = XCConfigurationList;
			buildConfigurations = (
				006246721D8E0963009DDFA8 /* Debug */,
				006246731D8E0963009DDFA8 /* Release */,
			);
			defaultConfigurationIsVisible = 0;
			defaultConfigurationName = Release;
		};
		006246771D8E0963009DDFA8 /* Build configuration list for PBXNativeTarget "NAChloride iOSTests" */ = {
			isa = XCConfigurationList;
			buildConfigurations = (
				006246741D8E0963009DDFA8 /* Debug */,
				006246751D8E0963009DDFA8 /* Release */,
			);
			defaultConfigurationIsVisible = 0;
			defaultConfigurationName = Release;
		};
/* End XCConfigurationList section */
	};
	rootObject = 006245F71D8E0899009DDFA8 /* Project object */;
}
